// !$*UTF8*$!
{
	archiveVersion = 1;
	classes = {
	};
	objectVersion = 46;
	objects = {

/* Begin PBXBuildFile section */
		F3B879AA1E971F30004DD78F /* AppDelegate.swift in Sources */ = {isa = PBXBuildFile; fileRef = F3B879A91E971F30004DD78F /* AppDelegate.swift */; };
		F3B879AC1E971F30004DD78F /* ViewController.swift in Sources */ = {isa = PBXBuildFile; fileRef = F3B879AB1E971F30004DD78F /* ViewController.swift */; };
		F3B879AF1E971F30004DD78F /* Main.storyboard in Resources */ = {isa = PBXBuildFile; fileRef = F3B879AD1E971F30004DD78F /* Main.storyboard */; };
		F3B879B11E971F30004DD78F /* Assets.xcassets in Resources */ = {isa = PBXBuildFile; fileRef = F3B879B01E971F30004DD78F /* Assets.xcassets */; };
		F3B879B41E971F30004DD78F /* LaunchScreen.storyboard in Resources */ = {isa = PBXBuildFile; fileRef = F3B879B21E971F30004DD78F /* LaunchScreen.storyboard */; };
/* End PBXBuildFile section */

/* Begin PBXFileReference section */
		F3B879A61E971F30004DD78F /* gmail-auto-login.app */ = {isa = PBXFileReference; explicitFileType = wrapper.application; includeInIndex = 0; path = "gmail-auto-login.app"; sourceTree = BUILT_PRODUCTS_DIR; };
		F3B879A91E971F30004DD78F /* AppDelegate.swift */ = {isa = PBXFileReference; lastKnownFileType = sourcecode.swift; path = AppDelegate.swift; sourceTree = "<group>"; };
		F3B879AB1E971F30004DD78F /* ViewController.swift */ = {isa = PBXFileReference; lastKnownFileType = sourcecode.swift; path = ViewController.swift; sourceTree = "<group>"; };
		F3B879AE1E971F30004DD78F /* Base */ = {isa = PBXFileReference; lastKnownFileType = file.storyboard; name = Base; path = Base.lproj/Main.storyboard; sourceTree = "<group>"; };
		F3B879B01E971F30004DD78F /* Assets.xcassets */ = {isa = PBXFileReference; lastKnownFileType = folder.assetcatalog; path = Assets.xcassets; sourceTree = "<group>"; };
		F3B879B31E971F30004DD78F /* Base */ = {isa = PBXFileReference; lastKnownFileType = file.storyboard; name = Base; path = Base.lproj/LaunchScreen.storyboard; sourceTree = "<group>"; };
		F3B879B51E971F30004DD78F /* Info.plist */ = {isa = PBXFileReference; lastKnownFileType = text.plist.xml; path = Info.plist; sourceTree = "<group>"; };
/* End PBXFileReference section */

/* Begin PBXFrameworksBuildPhase section */
		F3B879A31E971F30004DD78F /* Frameworks */ = {
			isa = PBXFrameworksBuildPhase;
			buildActionMask = 2147483647;
			files = (
			);
			runOnlyForDeploymentPostprocessing = 0;
		};
/* End PBXFrameworksBuildPhase section */

/* Begin PBXGroup section */
		F3B8799D1E971F30004DD78F = {
			isa = PBXGroup;
			children = (
				F3B879A81E971F30004DD78F /* gmail-auto-login */,
				F3B879A71E971F30004DD78F /* Products */,
			);
			sourceTree = "<group>";
		};
		F3B879A71E971F30004DD78F /* Products */ = {
			isa = PBXGroup;
			children = (
				F3B879A61E971F30004DD78F /* gmail-auto-login.app */,
			);
			name = Products;
			sourceTree = "<group>";
		};
		F3B879A81E971F30004DD78F /* gmail-auto-login */ = {
			isa = PBXGroup;
			children = (
				F3B879A91E971F30004DD78F /* AppDelegate.swift */,
				F3B879AB1E971F30004DD78F /* ViewController.swift */,
				F3B879AD1E971F30004DD78F /* Main.storyboard */,
				F3B879B01E971F30004DD78F /* Assets.xcassets */,
				F3B879B21E971F30004DD78F /* LaunchScreen.storyboard */,
				F3B879B51E971F30004DD78F /* Info.plist */,
			);
			path = "gmail-auto-login";
			sourceTree = "<group>";
		};
/* End PBXGroup section */

/* Begin PBXNativeTarget section */
		F3B879A51E971F30004DD78F /* gmail-auto-login */ = {
			isa = PBXNativeTarget;
			buildConfigurationList = F3B879B81E971F30004DD78F /* Build configuration list for PBXNativeTarget "gmail-auto-login" */;
			buildPhases = (
				F3B879A21E971F30004DD78F /* Sources */,
				F3B879A31E971F30004DD78F /* Frameworks */,
				F3B879A41E971F30004DD78F /* Resources */,
			);
			buildRules = (
			);
			dependencies = (
			);
			name = "gmail-auto-login";
			productName = "gmail-auto-login";
			productReference = F3B879A61E971F30004DD78F /* gmail-auto-login.app */;
			productType = "com.apple.product-type.application";
		};
/* End PBXNativeTarget section */

/* Begin PBXProject section */
		F3B8799E1E971F30004DD78F /* Project object */ = {
			isa = PBXProject;
			attributes = {
				LastSwiftUpdateCheck = 0830;
				LastUpgradeCheck = 0830;
				ORGANIZATIONNAME = Takanori.H;
				TargetAttributes = {
					F3B879A51E971F30004DD78F = {
						CreatedOnToolsVersion = 8.3;
						DevelopmentTeam = BN463B3322;
						ProvisioningStyle = Automatic;
					};
				};
			};
			buildConfigurationList = F3B879A11E971F30004DD78F /* Build configuration list for PBXProject "gmail-auto-login" */;
			compatibilityVersion = "Xcode 3.2";
			developmentRegion = English;
			hasScannedForEncodings = 0;
			knownRegions = (
				en,
				Base,
			);
			mainGroup = F3B8799D1E971F30004DD78F;
			productRefGroup = F3B879A71E971F30004DD78F /* Products */;
			projectDirPath = "";
			projectRoot = "";
			targets = (
				F3B879A51E971F30004DD78F /* gmail-auto-login */,
			);
		};
/* End PBXProject section */

/* Begin PBXResourcesBuildPhase section */
		F3B879A41E971F30004DD78F /* Resources */ = {
			isa = PBXResourcesBuildPhase;
			buildActionMask = 2147483647;
			files = (
				F3B879B41E971F30004DD78F /* LaunchScreen.storyboard in Resources */,
				F3B879B11E971F30004DD78F /* Assets.xcassets in Resources */,
				F3B879AF1E971F30004DD78F /* Main.storyboard in Resources */,
			);
			runOnlyForDeploymentPostprocessing = 0;
		};
/* End PBXResourcesBuildPhase section */

/* Begin PBXSourcesBuildPhase section */
		F3B879A21E971F30004DD78F /* Sources */ = {
			isa = PBXSourcesBuildPhase;
			buildActionMask = 2147483647;
			files = (
				F3B879AC1E971F30004DD78F /* ViewController.swift in Sources */,
				F3B879AA1E971F30004DD78F /* AppDelegate.swift in Sources */,
			);
			runOnlyForDeploymentPostprocessing = 0;
		};
/* End PBXSourcesBuildPhase section */

/* Begin PBXVariantGroup section */
		F3B879AD1E971F30004DD78F /* Main.storyboard */ = {
			isa = PBXVariantGroup;
			children = (
				F3B879AE1E971F30004DD78F /* Base */,
			);
			name = Main.storyboard;
			sourceTree = "<group>";
		};
		F3B879B21E971F30004DD78F /* LaunchScreen.storyboard */ = {
			isa = PBXVariantGroup;
			children = (
				F3B879B31E971F30004DD78F /* Base */,
			);
			name = LaunchScreen.storyboard;
			sourceTree = "<group>";
		};
/* End PBXVariantGroup section */

/* Begin XCBuildConfiguration section */
		F3B879B61E971F30004DD78F /* Debug */ = {
			isa = XCBuildConfiguration;
			buildSettings = {
				ALWAYS_SEARCH_USER_PATHS = NO;
				CLANG_ANALYZER_NONNULL = YES;
				CLANG_ANALYZER_NUMBER_OBJECT_CONVERSION = YES_AGGRESSIVE;
				CLANG_CXX_LANGUAGE_STANDARD = "gnu++0x";
				CLANG_CXX_LIBRARY = "libc++";
				CLANG_ENABLE_MODULES = YES;
				CLANG_ENABLE_OBJC_ARC = YES;
				CLANG_WARN_BOOL_CONVERSION = YES;
				CLANG_WARN_CONSTANT_CONVERSION = YES;
				CLANG_WARN_DIRECT_OBJC_ISA_USAGE = YES_ERROR;
				CLANG_WARN_DOCUMENTATION_COMMENTS = YES;
				CLANG_WARN_EMPTY_BODY = YES;
				CLANG_WARN_ENUM_CONVERSION = YES;
				CLANG_WARN_INFINITE_RECURSION = YES;
				CLANG_WARN_INT_CONVERSION = YES;
				CLANG_WARN_OBJC_ROOT_CLASS = YES_ERROR;
				CLANG_WARN_SUSPICIOUS_MOVE = YES;
				CLANG_WARN_UNREACHABLE_CODE = YES;
				CLANG_WARN__DUPLICATE_METHOD_MATCH = YES;
				"CODE_SIGN_IDENTITY[sdk=iphoneos*]" = "iPhone Developer";
				COPY_PHASE_STRIP = NO;
				DEBUG_INFORMATION_FORMAT = dwarf;
				ENABLE_STRICT_OBJC_MSGSEND = YES;
				ENABLE_TESTABILITY = YES;
				GCC_C_LANGUAGE_STANDARD = gnu99;
				GCC_DYNAMIC_NO_PIC = NO;
				GCC_NO_COMMON_BLOCKS = YES;
				GCC_OPTIMIZATION_LEVEL = 0;
				GCC_PREPROCESSOR_DEFINITIONS = (
					"DEBUG=1",
					"$(inherited)",
				);
				GCC_WARN_64_TO_32_BIT_CONVERSION = YES;
				GCC_WARN_ABOUT_RETURN_TYPE = YES_ERROR;
				GCC_WARN_UNDECLARED_SELECTOR = YES;
				GCC_WARN_UNINITIALIZED_AUTOS = YES_AGGRESSIVE;
				GCC_WARN_UNUSED_FUNCTION = YES;
				GCC_WARN_UNUSED_VARIABLE = YES;
				IPHONEOS_DEPLOYMENT_TARGET = 10.3;
				MTL_ENABLE_DEBUG_INFO = YES;
				ONLY_ACTIVE_ARCH = YES;
				SDKROOT = iphoneos;
				SWIFT_ACTIVE_COMPILATION_CONDITIONS = DEBUG;
				SWIFT_OPTIMIZATION_LEVEL = "-Onone";
			};
			name = Debug;
		};
		F3B879B71E971F30004DD78F /* Release */ = {
			isa = XCBuildConfiguration;
			buildSettings = {
				ALWAYS_SEARCH_USER_PATHS = NO;
				CLANG_ANALYZER_NONNULL = YES;
				CLANG_ANALYZER_NUMBER_OBJECT_CONVERSION = YES_AGGRESSIVE;
				CLANG_CXX_LANGUAGE_STANDARD = "gnu++0x";
				CLANG_CXX_LIBRARY = "libc++";
				CLANG_ENABLE_MODULES = YES;
				CLANG_ENABLE_OBJC_ARC = YES;
				CLANG_WARN_BOOL_CONVERSION = YES;
				CLANG_WARN_CONSTANT_CONVERSION = YES;
				CLANG_WARN_DIRECT_OBJC_ISA_USAGE = YES_ERROR;
				CLANG_WARN_DOCUMENTATION_COMMENTS = YES;
				CLANG_WARN_EMPTY_BODY = YES;
				CLANG_WARN_ENUM_CONVERSION = YES;
				CLANG_WARN_INFINITE_RECURSION = YES;
				CLANG_WARN_INT_CONVERSION = YES;
				CLANG_WARN_OBJC_ROOT_CLASS = YES_ERROR;
				CLANG_WARN_SUSPICIOUS_MOVE = YES;
				CLANG_WARN_UNREACHABLE_CODE = YES;
				CLANG_WARN__DUPLICATE_METHOD_MATCH = YES;
				"CODE_SIGN_IDENTITY[sdk=iphoneos*]" = "iPhone Developer";
				COPY_PHASE_STRIP = NO;
				DEBUG_INFORMATION_FORMAT = "dwarf-with-dsym";
				ENABLE_NS_ASSERTIONS = NO;
				ENABLE_STRICT_OBJC_MSGSEND = YES;
				GCC_C_LANGUAGE_STANDARD = gnu99;
				GCC_NO_COMMON_BLOCKS = YES;
				GCC_WARN_64_TO_32_BIT_CONVERSION = YES;
				GCC_WARN_ABOUT_RETURN_TYPE = YES_ERROR;
				GCC_WARN_UNDECLARED_SELECTOR = YES;
				GCC_WARN_UNINITIALIZED_AUTOS = YES_AGGRESSIVE;
				GCC_WARN_UNUSED_FUNCTION = YES;
				GCC_WARN_UNUSED_VARIABLE = YES;
				IPHONEOS_DEPLOYMENT_TARGET = 10.3;
				MTL_ENABLE_DEBUG_INFO = NO;
				SDKROOT = iphoneos;
				SWIFT_OPTIMIZATION_LEVEL = "-Owholemodule";
				VALIDATE_PRODUCT = YES;
			};
			name = Release;
		};
		F3B879B91E971F30004DD78F /* Debug */ = {
			isa = XCBuildConfiguration;
			buildSettings = {
				ASSETCATALOG_COMPILER_APPICON_NAME = AppIcon;
				DEVELOPMENT_TEAM = BN463B3322;
				INFOPLIST_FILE = "gmail-auto-login/Info.plist";
				LD_RUNPATH_SEARCH_PATHS = "$(inherited) @executable_path/Frameworks";
				PRODUCT_BUNDLE_IDENTIFIER = "com.example.hasebe.gmail-auto-login";
				PRODUCT_NAME = "$(TARGET_NAME)";
				SWIFT_VERSION = 3.0;
			};
			name = Debug;
		};
		F3B879BA1E971F30004DD78F /* Release */ = {
			isa = XCBuildConfiguration;
			buildSettings = {
				ASSETCATALOG_COMPILER_APPICON_NAME = AppIcon;
				DEVELOPMENT_TEAM = BN463B3322;
				INFOPLIST_FILE = "gmail-auto-login/Info.plist";
				LD_RUNPATH_SEARCH_PATHS = "$(inherited) @executable_path/Frameworks";
				PRODUCT_BUNDLE_IDENTIFIER = "com.example.hasebe.gmail-auto-login";
				PRODUCT_NAME = "$(TARGET_NAME)";
				SWIFT_VERSION = 3.0;
			};
			name = Release;
		};
/* End XCBuildConfiguration section */

/* Begin XCConfigurationList section */
		F3B879A11E971F30004DD78F /* Build configuration list for PBXProject "gmail-auto-login" */ = {
			isa = XCConfigurationList;
			buildConfigurations = (
				F3B879B61E971F30004DD78F /* Debug */,
				F3B879B71E971F30004DD78F /* Release */,
			);
			defaultConfigurationIsVisible = 0;
			defaultConfigurationName = Release;
		};
		F3B879B81E971F30004DD78F /* Build configuration list for PBXNativeTarget "gmail-auto-login" */ = {
			isa = XCConfigurationList;
			buildConfigurations = (
				F3B879B91E971F30004DD78F /* Debug */,
				F3B879BA1E971F30004DD78F /* Release */,
			);
			defaultConfigurationIsVisible = 0;
		};
/* End XCConfigurationList section */
	};
	rootObject = F3B8799E1E971F30004DD78F /* Project object */;
}
