// !$*UTF8*$!
{
	archiveVersion = 1;
	classes = {
	};
	objectVersion = 46;
	objects = {

/* Begin PBXBuildFile section */
		F307473C1EDEA4E900F119F3 /* AppDelegate.swift in Sources */ = {isa = PBXBuildFile; fileRef = F307473B1EDEA4E900F119F3 /* AppDelegate.swift */; };
		F307473E1EDEA4E900F119F3 /* ViewController.swift in Sources */ = {isa = PBXBuildFile; fileRef = F307473D1EDEA4E900F119F3 /* ViewController.swift */; };
		F30747411EDEA4E900F119F3 /* Main.storyboard in Resources */ = {isa = PBXBuildFile; fileRef = F307473F1EDEA4E900F119F3 /* Main.storyboard */; };
		F30747431EDEA4E900F119F3 /* Assets.xcassets in Resources */ = {isa = PBXBuildFile; fileRef = F30747421EDEA4E900F119F3 /* Assets.xcassets */; };
		F30747461EDEA4E900F119F3 /* LaunchScreen.storyboard in Resources */ = {isa = PBXBuildFile; fileRef = F30747441EDEA4E900F119F3 /* LaunchScreen.storyboard */; };
		F30747501EDEA50900F119F3 /* GHContextMenuView.m in Sources */ = {isa = PBXBuildFile; fileRef = F307474F1EDEA50900F119F3 /* GHContextMenuView.m */; };
/* End PBXBuildFile section */

/* Begin PBXFileReference section */
		F30747381EDEA4E900F119F3 /* SwiftPinterestMotion.app */ = {isa = PBXFileReference; explicitFileType = wrapper.application; includeInIndex = 0; path = SwiftPinterestMotion.app; sourceTree = BUILT_PRODUCTS_DIR; };
		F307473B1EDEA4E900F119F3 /* AppDelegate.swift */ = {isa = PBXFileReference; lastKnownFileType = sourcecode.swift; path = AppDelegate.swift; sourceTree = "<group>"; };
		F307473D1EDEA4E900F119F3 /* ViewController.swift */ = {isa = PBXFileReference; lastKnownFileType = sourcecode.swift; path = ViewController.swift; sourceTree = "<group>"; };
		F30747401EDEA4E900F119F3 /* Base */ = {isa = PBXFileReference; lastKnownFileType = file.storyboard; name = Base; path = Base.lproj/Main.storyboard; sourceTree = "<group>"; };
		F30747421EDEA4E900F119F3 /* Assets.xcassets */ = {isa = PBXFileReference; lastKnownFileType = folder.assetcatalog; path = Assets.xcassets; sourceTree = "<group>"; };
		F30747451EDEA4E900F119F3 /* Base */ = {isa = PBXFileReference; lastKnownFileType = file.storyboard; name = Base; path = Base.lproj/LaunchScreen.storyboard; sourceTree = "<group>"; };
		F30747471EDEA4E900F119F3 /* Info.plist */ = {isa = PBXFileReference; lastKnownFileType = text.plist.xml; path = Info.plist; sourceTree = "<group>"; };
		F307474D1EDEA50400F119F3 /* GHContextMenuView.h */ = {isa = PBXFileReference; lastKnownFileType = sourcecode.c.h; path = GHContextMenuView.h; sourceTree = "<group>"; };
		F307474E1EDEA50900F119F3 /* SwiftPinterestMotion-Bridging-Header.h */ = {isa = PBXFileReference; lastKnownFileType = sourcecode.c.h; path = "SwiftPinterestMotion-Bridging-Header.h"; sourceTree = "<group>"; };
		F307474F1EDEA50900F119F3 /* GHContextMenuView.m */ = {isa = PBXFileReference; fileEncoding = 4; lastKnownFileType = sourcecode.c.objc; path = GHContextMenuView.m; sourceTree = "<group>"; };
/* End PBXFileReference section */

/* Begin PBXFrameworksBuildPhase section */
		F30747351EDEA4E900F119F3 /* Frameworks */ = {
			isa = PBXFrameworksBuildPhase;
			buildActionMask = 2147483647;
			files = (
			);
			runOnlyForDeploymentPostprocessing = 0;
		};
/* End PBXFrameworksBuildPhase section */

/* Begin PBXGroup section */
		F307472F1EDEA4E900F119F3 = {
			isa = PBXGroup;
			children = (
				F307473A1EDEA4E900F119F3 /* SwiftPinterestMotion */,
				F30747391EDEA4E900F119F3 /* Products */,
			);
			sourceTree = "<group>";
		};
		F30747391EDEA4E900F119F3 /* Products */ = {
			isa = PBXGroup;
			children = (
				F30747381EDEA4E900F119F3 /* SwiftPinterestMotion.app */,
			);
			name = Products;
			sourceTree = "<group>";
		};
		F307473A1EDEA4E900F119F3 /* SwiftPinterestMotion */ = {
			isa = PBXGroup;
			children = (
				F307474D1EDEA50400F119F3 /* GHContextMenuView.h */,
				F307474F1EDEA50900F119F3 /* GHContextMenuView.m */,
				F307473B1EDEA4E900F119F3 /* AppDelegate.swift */,
				F307473D1EDEA4E900F119F3 /* ViewController.swift */,
				F307473F1EDEA4E900F119F3 /* Main.storyboard */,
				F30747421EDEA4E900F119F3 /* Assets.xcassets */,
				F30747441EDEA4E900F119F3 /* LaunchScreen.storyboard */,
				F30747471EDEA4E900F119F3 /* Info.plist */,
				F307474E1EDEA50900F119F3 /* SwiftPinterestMotion-Bridging-Header.h */,
			);
			path = SwiftPinterestMotion;
			sourceTree = "<group>";
		};
/* End PBXGroup section */

/* Begin PBXNativeTarget section */
		F30747371EDEA4E900F119F3 /* SwiftPinterestMotion */ = {
			isa = PBXNativeTarget;
			buildConfigurationList = F307474A1EDEA4E900F119F3 /* Build configuration list for PBXNativeTarget "SwiftPinterestMotion" */;
			buildPhases = (
				F30747341EDEA4E900F119F3 /* Sources */,
				F30747351EDEA4E900F119F3 /* Frameworks */,
				F30747361EDEA4E900F119F3 /* Resources */,
			);
			buildRules = (
			);
			dependencies = (
			);
			name = SwiftPinterestMotion;
			productName = SwiftPinterestMotion;
			productReference = F30747381EDEA4E900F119F3 /* SwiftPinterestMotion.app */;
			productType = "com.apple.product-type.application";
		};
/* End PBXNativeTarget section */

/* Begin PBXProject section */
		F30747301EDEA4E900F119F3 /* Project object */ = {
			isa = PBXProject;
			attributes = {
				LastSwiftUpdateCheck = 0830;
				LastUpgradeCheck = 0830;
				ORGANIZATIONNAME = Takanori.H;
				TargetAttributes = {
					F30747371EDEA4E900F119F3 = {
						CreatedOnToolsVersion = 8.3.2;
						DevelopmentTeam = BN463B3322;
						LastSwiftMigration = 0830;
						ProvisioningStyle = Automatic;
					};
				};
			};
			buildConfigurationList = F30747331EDEA4E900F119F3 /* Build configuration list for PBXProject "SwiftPinterestMotion" */;
			compatibilityVersion = "Xcode 3.2";
			developmentRegion = English;
			hasScannedForEncodings = 0;
			knownRegions = (
				en,
				Base,
			);
			mainGroup = F307472F1EDEA4E900F119F3;
			productRefGroup = F30747391EDEA4E900F119F3 /* Products */;
			projectDirPath = "";
			projectRoot = "";
			targets = (
				F30747371EDEA4E900F119F3 /* SwiftPinterestMotion */,
			);
		};
/* End PBXProject section */

/* Begin PBXResourcesBuildPhase section */
		F30747361EDEA4E900F119F3 /* Resources */ = {
			isa = PBXResourcesBuildPhase;
			buildActionMask = 2147483647;
			files = (
				F30747461EDEA4E900F119F3 /* LaunchScreen.storyboard in Resources */,
				F30747431EDEA4E900F119F3 /* Assets.xcassets in Resources */,
				F30747411EDEA4E900F119F3 /* Main.storyboard in Resources */,
			);
			runOnlyForDeploymentPostprocessing = 0;
		};
/* End PBXResourcesBuildPhase section */

/* Begin PBXSourcesBuildPhase section */
		F30747341EDEA4E900F119F3 /* Sources */ = {
			isa = PBXSourcesBuildPhase;
			buildActionMask = 2147483647;
			files = (
				F30747501EDEA50900F119F3 /* GHContextMenuView.m in Sources */,
				F307473E1EDEA4E900F119F3 /* ViewController.swift in Sources */,
				F307473C1EDEA4E900F119F3 /* AppDelegate.swift in Sources */,
			);
			runOnlyForDeploymentPostprocessing = 0;
		};
/* End PBXSourcesBuildPhase section */

/* Begin PBXVariantGroup section */
		F307473F1EDEA4E900F119F3 /* Main.storyboard */ = {
			isa = PBXVariantGroup;
			children = (
				F30747401EDEA4E900F119F3 /* Base */,
			);
			name = Main.storyboard;
			sourceTree = "<group>";
		};
		F30747441EDEA4E900F119F3 /* LaunchScreen.storyboard */ = {
			isa = PBXVariantGroup;
			children = (
				F30747451EDEA4E900F119F3 /* Base */,
			);
			name = LaunchScreen.storyboard;
			sourceTree = "<group>";
		};
/* End PBXVariantGroup section */

/* Begin XCBuildConfiguration section */
		F30747481EDEA4E900F119F3 /* Debug */ = {
			isa = XCBuildConfiguration;
			buildSettings = {
				ALWAYS_SEARCH_USER_PATHS = NO;
				CLANG_ANALYZER_NONNULL = YES;
				CLANG_ANALYZER_NUMBER_OBJECT_CONVERSION = YES_AGGRESSIVE;
				CLANG_CXX_LANGUAGE_STANDARD = "gnu++0x";
				CLANG_CXX_LIBRARY = "libc++";
				CLANG_ENABLE_MODULES = YES;
				CLANG_ENABLE_OBJC_ARC = YES;
				CLANG_WARN_BOOL_CONVERSION = YES;
				CLANG_WARN_CONSTANT_CONVERSION = YES;
				CLANG_WARN_DIRECT_OBJC_ISA_USAGE = YES_ERROR;
				CLANG_WARN_DOCUMENTATION_COMMENTS = YES;
				CLANG_WARN_EMPTY_BODY = YES;
				CLANG_WARN_ENUM_CONVERSION = YES;
				CLANG_WARN_INFINITE_RECURSION = YES;
				CLANG_WARN_INT_CONVERSION = YES;
				CLANG_WARN_OBJC_ROOT_CLASS = YES_ERROR;
				CLANG_WARN_SUSPICIOUS_MOVE = YES;
				CLANG_WARN_UNREACHABLE_CODE = YES;
				CLANG_WARN__DUPLICATE_METHOD_MATCH = YES;
				"CODE_SIGN_IDENTITY[sdk=iphoneos*]" = "iPhone Developer";
				COPY_PHASE_STRIP = NO;
				DEBUG_INFORMATION_FORMAT = dwarf;
				ENABLE_STRICT_OBJC_MSGSEND = YES;
				ENABLE_TESTABILITY = YES;
				GCC_C_LANGUAGE_STANDARD = gnu99;
				GCC_DYNAMIC_NO_PIC = NO;
				GCC_NO_COMMON_BLOCKS = YES;
				GCC_OPTIMIZATION_LEVEL = 0;
				GCC_PREPROCESSOR_DEFINITIONS = (
					"DEBUG=1",
					"$(inherited)",
				);
				GCC_WARN_64_TO_32_BIT_CONVERSION = YES;
				GCC_WARN_ABOUT_RETURN_TYPE = YES_ERROR;
				GCC_WARN_UNDECLARED_SELECTOR = YES;
				GCC_WARN_UNINITIALIZED_AUTOS = YES_AGGRESSIVE;
				GCC_WARN_UNUSED_FUNCTION = YES;
				GCC_WARN_UNUSED_VARIABLE = YES;
				IPHONEOS_DEPLOYMENT_TARGET = 10.3;
				MTL_ENABLE_DEBUG_INFO = YES;
				ONLY_ACTIVE_ARCH = YES;
				SDKROOT = iphoneos;
				SWIFT_ACTIVE_COMPILATION_CONDITIONS = DEBUG;
				SWIFT_OPTIMIZATION_LEVEL = "-Onone";
			};
			name = Debug;
		};
		F30747491EDEA4E900F119F3 /* Release */ = {
			isa = XCBuildConfiguration;
			buildSettings = {
				ALWAYS_SEARCH_USER_PATHS = NO;
				CLANG_ANALYZER_NONNULL = YES;
				CLANG_ANALYZER_NUMBER_OBJECT_CONVERSION = YES_AGGRESSIVE;
				CLANG_CXX_LANGUAGE_STANDARD = "gnu++0x";
				CLANG_CXX_LIBRARY = "libc++";
				CLANG_ENABLE_MODULES = YES;
				CLANG_ENABLE_OBJC_ARC = YES;
				CLANG_WARN_BOOL_CONVERSION = YES;
				CLANG_WARN_CONSTANT_CONVERSION = YES;
				CLANG_WARN_DIRECT_OBJC_ISA_USAGE = YES_ERROR;
				CLANG_WARN_DOCUMENTATION_COMMENTS = YES;
				CLANG_WARN_EMPTY_BODY = YES;
				CLANG_WARN_ENUM_CONVERSION = YES;
				CLANG_WARN_INFINITE_RECURSION = YES;
				CLANG_WARN_INT_CONVERSION = YES;
				CLANG_WARN_OBJC_ROOT_CLASS = YES_ERROR;
				CLANG_WARN_SUSPICIOUS_MOVE = YES;
				CLANG_WARN_UNREACHABLE_CODE = YES;
				CLANG_WARN__DUPLICATE_METHOD_MATCH = YES;
				"CODE_SIGN_IDENTITY[sdk=iphoneos*]" = "iPhone Developer";
				COPY_PHASE_STRIP = NO;
				DEBUG_INFORMATION_FORMAT = "dwarf-with-dsym";
				ENABLE_NS_ASSERTIONS = NO;
				ENABLE_STRICT_OBJC_MSGSEND = YES;
				GCC_C_LANGUAGE_STANDARD = gnu99;
				GCC_NO_COMMON_BLOCKS = YES;
				GCC_WARN_64_TO_32_BIT_CONVERSION = YES;
				GCC_WARN_ABOUT_RETURN_TYPE = YES_ERROR;
				GCC_WARN_UNDECLARED_SELECTOR = YES;
				GCC_WARN_UNINITIALIZED_AUTOS = YES_AGGRESSIVE;
				GCC_WARN_UNUSED_FUNCTION = YES;
				GCC_WARN_UNUSED_VARIABLE = YES;
				IPHONEOS_DEPLOYMENT_TARGET = 10.3;
				MTL_ENABLE_DEBUG_INFO = NO;
				SDKROOT = iphoneos;
				SWIFT_OPTIMIZATION_LEVEL = "-Owholemodule";
				VALIDATE_PRODUCT = YES;
			};
			name = Release;
		};
		F307474B1EDEA4E900F119F3 /* Debug */ = {
			isa = XCBuildConfiguration;
			buildSettings = {
				ASSETCATALOG_COMPILER_APPICON_NAME = AppIcon;
				CLANG_ENABLE_MODULES = YES;
				DEVELOPMENT_TEAM = BN463B3322;
				INFOPLIST_FILE = SwiftPinterestMotion/Info.plist;
				LD_RUNPATH_SEARCH_PATHS = "$(inherited) @executable_path/Frameworks";
				PRODUCT_BUNDLE_IDENTIFIER = com.example.hasebe.SwiftPinterestMotion;
				PRODUCT_NAME = "$(TARGET_NAME)";
				SWIFT_OBJC_BRIDGING_HEADER = "SwiftPinterestMotion/SwiftPinterestMotion-Bridging-Header.h";
				SWIFT_OPTIMIZATION_LEVEL = "-Onone";
				SWIFT_VERSION = 3.0;
			};
			name = Debug;
		};
		F307474C1EDEA4E900F119F3 /* Release */ = {
			isa = XCBuildConfiguration;
			buildSettings = {
				ASSETCATALOG_COMPILER_APPICON_NAME = AppIcon;
				CLANG_ENABLE_MODULES = YES;
				DEVELOPMENT_TEAM = BN463B3322;
				INFOPLIST_FILE = SwiftPinterestMotion/Info.plist;
				LD_RUNPATH_SEARCH_PATHS = "$(inherited) @executable_path/Frameworks";
				PRODUCT_BUNDLE_IDENTIFIER = com.example.hasebe.SwiftPinterestMotion;
				PRODUCT_NAME = "$(TARGET_NAME)";
				SWIFT_OBJC_BRIDGING_HEADER = "SwiftPinterestMotion/SwiftPinterestMotion-Bridging-Header.h";
				SWIFT_VERSION = 3.0;
			};
			name = Release;
		};
/* End XCBuildConfiguration section */

/* Begin XCConfigurationList section */
		F30747331EDEA4E900F119F3 /* Build configuration list for PBXProject "SwiftPinterestMotion" */ = {
			isa = XCConfigurationList;
			buildConfigurations = (
				F30747481EDEA4E900F119F3 /* Debug */,
				F30747491EDEA4E900F119F3 /* Release */,
			);
			defaultConfigurationIsVisible = 0;
			defaultConfigurationName = Release;
		};
		F307474A1EDEA4E900F119F3 /* Build configuration list for PBXNativeTarget "SwiftPinterestMotion" */ = {
			isa = XCConfigurationList;
			buildConfigurations = (
				F307474B1EDEA4E900F119F3 /* Debug */,
				F307474C1EDEA4E900F119F3 /* Release */,
			);
			defaultConfigurationIsVisible = 0;
		};
/* End XCConfigurationList section */
	};
	rootObject = F30747301EDEA4E900F119F3 /* Project object */;
}
