// !$*UTF8*$!
{
	archiveVersion = 1;
	classes = {
	};
	objectVersion = 46;
	objects = {

/* Begin PBXBuildFile section */
		F31B94021F23095900EDA2B4 /* CollectionViewController.swift in Sources */ = {isa = PBXBuildFile; fileRef = F31B94011F23095900EDA2B4 /* CollectionViewController.swift */; };
		F31B94041F2310BC00EDA2B4 /* PopUpViewController.swift in Sources */ = {isa = PBXBuildFile; fileRef = F31B94031F2310BC00EDA2B4 /* PopUpViewController.swift */; };
		F31B94081F23139100EDA2B4 /* CustomCell.swift in Sources */ = {isa = PBXBuildFile; fileRef = F31B94071F23139100EDA2B4 /* CustomCell.swift */; };
		F3479E4A1F20DFF900DDB620 /* AppDelegate.swift in Sources */ = {isa = PBXBuildFile; fileRef = F3479E491F20DFF900DDB620 /* AppDelegate.swift */; };
		F3479E4C1F20DFF900DDB620 /* ViewController.swift in Sources */ = {isa = PBXBuildFile; fileRef = F3479E4B1F20DFF900DDB620 /* ViewController.swift */; };
		F3479E4F1F20DFF900DDB620 /* Main.storyboard in Resources */ = {isa = PBXBuildFile; fileRef = F3479E4D1F20DFF900DDB620 /* Main.storyboard */; };
		F3479E511F20DFF900DDB620 /* Assets.xcassets in Resources */ = {isa = PBXBuildFile; fileRef = F3479E501F20DFF900DDB620 /* Assets.xcassets */; };
		F3479E541F20DFF900DDB620 /* LaunchScreen.storyboard in Resources */ = {isa = PBXBuildFile; fileRef = F3479E521F20DFF900DDB620 /* LaunchScreen.storyboard */; };
/* End PBXBuildFile section */

/* Begin PBXFileReference section */
		F31B94011F23095900EDA2B4 /* CollectionViewController.swift */ = {isa = PBXFileReference; fileEncoding = 4; lastKnownFileType = sourcecode.swift; path = CollectionViewController.swift; sourceTree = "<group>"; };
		F31B94031F2310BC00EDA2B4 /* PopUpViewController.swift */ = {isa = PBXFileReference; fileEncoding = 4; lastKnownFileType = sourcecode.swift; path = PopUpViewController.swift; sourceTree = "<group>"; };
		F31B94071F23139100EDA2B4 /* CustomCell.swift */ = {isa = PBXFileReference; fileEncoding = 4; lastKnownFileType = sourcecode.swift; path = CustomCell.swift; sourceTree = "<group>"; };
		F3479E461F20DFF900DDB620 /* SwiftUICollection.app */ = {isa = PBXFileReference; explicitFileType = wrapper.application; includeInIndex = 0; path = SwiftUICollection.app; sourceTree = BUILT_PRODUCTS_DIR; };
		F3479E491F20DFF900DDB620 /* AppDelegate.swift */ = {isa = PBXFileReference; lastKnownFileType = sourcecode.swift; path = AppDelegate.swift; sourceTree = "<group>"; };
		F3479E4B1F20DFF900DDB620 /* ViewController.swift */ = {isa = PBXFileReference; lastKnownFileType = sourcecode.swift; path = ViewController.swift; sourceTree = "<group>"; };
		F3479E4E1F20DFF900DDB620 /* Base */ = {isa = PBXFileReference; lastKnownFileType = file.storyboard; name = Base; path = Base.lproj/Main.storyboard; sourceTree = "<group>"; };
		F3479E501F20DFF900DDB620 /* Assets.xcassets */ = {isa = PBXFileReference; lastKnownFileType = folder.assetcatalog; path = Assets.xcassets; sourceTree = "<group>"; };
		F3479E531F20DFF900DDB620 /* Base */ = {isa = PBXFileReference; lastKnownFileType = file.storyboard; name = Base; path = Base.lproj/LaunchScreen.storyboard; sourceTree = "<group>"; };
		F3479E551F20DFF900DDB620 /* Info.plist */ = {isa = PBXFileReference; lastKnownFileType = text.plist.xml; path = Info.plist; sourceTree = "<group>"; };
/* End PBXFileReference section */

/* Begin PBXFrameworksBuildPhase section */
		F3479E431F20DFF900DDB620 /* Frameworks */ = {
			isa = PBXFrameworksBuildPhase;
			buildActionMask = 2147483647;
			files = (
			);
			runOnlyForDeploymentPostprocessing = 0;
		};
/* End PBXFrameworksBuildPhase section */

/* Begin PBXGroup section */
		F3479E3D1F20DFF900DDB620 = {
			isa = PBXGroup;
			children = (
				F3479E481F20DFF900DDB620 /* SwiftUICollection */,
				F3479E471F20DFF900DDB620 /* Products */,
			);
			sourceTree = "<group>";
		};
		F3479E471F20DFF900DDB620 /* Products */ = {
			isa = PBXGroup;
			children = (
				F3479E461F20DFF900DDB620 /* SwiftUICollection.app */,
			);
			name = Products;
			sourceTree = "<group>";
		};
		F3479E481F20DFF900DDB620 /* SwiftUICollection */ = {
			isa = PBXGroup;
			children = (
				F3479E491F20DFF900DDB620 /* AppDelegate.swift */,
				F3479E4B1F20DFF900DDB620 /* ViewController.swift */,
				F31B94011F23095900EDA2B4 /* CollectionViewController.swift */,
				F31B94031F2310BC00EDA2B4 /* PopUpViewController.swift */,
				F3479E4D1F20DFF900DDB620 /* Main.storyboard */,
				F31B94071F23139100EDA2B4 /* CustomCell.swift */,
				F3479E501F20DFF900DDB620 /* Assets.xcassets */,
				F3479E521F20DFF900DDB620 /* LaunchScreen.storyboard */,
				F3479E551F20DFF900DDB620 /* Info.plist */,
			);
			path = SwiftUICollection;
			sourceTree = "<group>";
		};
/* End PBXGroup section */

/* Begin PBXNativeTarget section */
		F3479E451F20DFF900DDB620 /* SwiftUICollection */ = {
			isa = PBXNativeTarget;
			buildConfigurationList = F3479E581F20DFF900DDB620 /* Build configuration list for PBXNativeTarget "SwiftUICollection" */;
			buildPhases = (
				F3479E421F20DFF900DDB620 /* Sources */,
				F3479E431F20DFF900DDB620 /* Frameworks */,
				F3479E441F20DFF900DDB620 /* Resources */,
			);
			buildRules = (
			);
			dependencies = (
			);
			name = SwiftUICollection;
			productName = SwiftUICollection;
			productReference = F3479E461F20DFF900DDB620 /* SwiftUICollection.app */;
			productType = "com.apple.product-type.application";
		};
/* End PBXNativeTarget section */

/* Begin PBXProject section */
		F3479E3E1F20DFF900DDB620 /* Project object */ = {
			isa = PBXProject;
			attributes = {
				LastSwiftUpdateCheck = 0830;
				LastUpgradeCheck = 0830;
				ORGANIZATIONNAME = Takanori.H;
				TargetAttributes = {
					F3479E451F20DFF900DDB620 = {
						CreatedOnToolsVersion = 8.3.3;
						DevelopmentTeam = BN463B3322;
						ProvisioningStyle = Automatic;
					};
				};
			};
			buildConfigurationList = F3479E411F20DFF900DDB620 /* Build configuration list for PBXProject "SwiftUICollection" */;
			compatibilityVersion = "Xcode 3.2";
			developmentRegion = English;
			hasScannedForEncodings = 0;
			knownRegions = (
				en,
				Base,
			);
			mainGroup = F3479E3D1F20DFF900DDB620;
			productRefGroup = F3479E471F20DFF900DDB620 /* Products */;
			projectDirPath = "";
			projectRoot = "";
			targets = (
				F3479E451F20DFF900DDB620 /* SwiftUICollection */,
			);
		};
/* End PBXProject section */

/* Begin PBXResourcesBuildPhase section */
		F3479E441F20DFF900DDB620 /* Resources */ = {
			isa = PBXResourcesBuildPhase;
			buildActionMask = 2147483647;
			files = (
				F3479E541F20DFF900DDB620 /* LaunchScreen.storyboard in Resources */,
				F3479E511F20DFF900DDB620 /* Assets.xcassets in Resources */,
				F3479E4F1F20DFF900DDB620 /* Main.storyboard in Resources */,
			);
			runOnlyForDeploymentPostprocessing = 0;
		};
/* End PBXResourcesBuildPhase section */

/* Begin PBXSourcesBuildPhase section */
		F3479E421F20DFF900DDB620 /* Sources */ = {
			isa = PBXSourcesBuildPhase;
			buildActionMask = 2147483647;
			files = (
				F31B94021F23095900EDA2B4 /* CollectionViewController.swift in Sources */,
				F3479E4C1F20DFF900DDB620 /* ViewController.swift in Sources */,
				F31B94081F23139100EDA2B4 /* CustomCell.swift in Sources */,
				F3479E4A1F20DFF900DDB620 /* AppDelegate.swift in Sources */,
				F31B94041F2310BC00EDA2B4 /* PopUpViewController.swift in Sources */,
			);
			runOnlyForDeploymentPostprocessing = 0;
		};
/* End PBXSourcesBuildPhase section */

/* Begin PBXVariantGroup section */
		F3479E4D1F20DFF900DDB620 /* Main.storyboard */ = {
			isa = PBXVariantGroup;
			children = (
				F3479E4E1F20DFF900DDB620 /* Base */,
			);
			name = Main.storyboard;
			sourceTree = "<group>";
		};
		F3479E521F20DFF900DDB620 /* LaunchScreen.storyboard */ = {
			isa = PBXVariantGroup;
			children = (
				F3479E531F20DFF900DDB620 /* Base */,
			);
			name = LaunchScreen.storyboard;
			sourceTree = "<group>";
		};
/* End PBXVariantGroup section */

/* Begin XCBuildConfiguration section */
		F3479E561F20DFF900DDB620 /* Debug */ = {
			isa = XCBuildConfiguration;
			buildSettings = {
				ALWAYS_SEARCH_USER_PATHS = NO;
				CLANG_ANALYZER_NONNULL = YES;
				CLANG_ANALYZER_NUMBER_OBJECT_CONVERSION = YES_AGGRESSIVE;
				CLANG_CXX_LANGUAGE_STANDARD = "gnu++0x";
				CLANG_CXX_LIBRARY = "libc++";
				CLANG_ENABLE_MODULES = YES;
				CLANG_ENABLE_OBJC_ARC = YES;
				CLANG_WARN_BOOL_CONVERSION = YES;
				CLANG_WARN_CONSTANT_CONVERSION = YES;
				CLANG_WARN_DIRECT_OBJC_ISA_USAGE = YES_ERROR;
				CLANG_WARN_DOCUMENTATION_COMMENTS = YES;
				CLANG_WARN_EMPTY_BODY = YES;
				CLANG_WARN_ENUM_CONVERSION = YES;
				CLANG_WARN_INFINITE_RECURSION = YES;
				CLANG_WARN_INT_CONVERSION = YES;
				CLANG_WARN_OBJC_ROOT_CLASS = YES_ERROR;
				CLANG_WARN_SUSPICIOUS_MOVE = YES;
				CLANG_WARN_UNREACHABLE_CODE = YES;
				CLANG_WARN__DUPLICATE_METHOD_MATCH = YES;
				"CODE_SIGN_IDENTITY[sdk=iphoneos*]" = "iPhone Developer";
				COPY_PHASE_STRIP = NO;
				DEBUG_INFORMATION_FORMAT = dwarf;
				ENABLE_STRICT_OBJC_MSGSEND = YES;
				ENABLE_TESTABILITY = YES;
				GCC_C_LANGUAGE_STANDARD = gnu99;
				GCC_DYNAMIC_NO_PIC = NO;
				GCC_NO_COMMON_BLOCKS = YES;
				GCC_OPTIMIZATION_LEVEL = 0;
				GCC_PREPROCESSOR_DEFINITIONS = (
					"DEBUG=1",
					"$(inherited)",
				);
				GCC_WARN_64_TO_32_BIT_CONVERSION = YES;
				GCC_WARN_ABOUT_RETURN_TYPE = YES_ERROR;
				GCC_WARN_UNDECLARED_SELECTOR = YES;
				GCC_WARN_UNINITIALIZED_AUTOS = YES_AGGRESSIVE;
				GCC_WARN_UNUSED_FUNCTION = YES;
				GCC_WARN_UNUSED_VARIABLE = YES;
				IPHONEOS_DEPLOYMENT_TARGET = 10.3;
				MTL_ENABLE_DEBUG_INFO = YES;
				ONLY_ACTIVE_ARCH = YES;
				SDKROOT = iphoneos;
				SWIFT_ACTIVE_COMPILATION_CONDITIONS = DEBUG;
				SWIFT_OPTIMIZATION_LEVEL = "-Onone";
			};
			name = Debug;
		};
		F3479E571F20DFF900DDB620 /* Release */ = {
			isa = XCBuildConfiguration;
			buildSettings = {
				ALWAYS_SEARCH_USER_PATHS = NO;
				CLANG_ANALYZER_NONNULL = YES;
				CLANG_ANALYZER_NUMBER_OBJECT_CONVERSION = YES_AGGRESSIVE;
				CLANG_CXX_LANGUAGE_STANDARD = "gnu++0x";
				CLANG_CXX_LIBRARY = "libc++";
				CLANG_ENABLE_MODULES = YES;
				CLANG_ENABLE_OBJC_ARC = YES;
				CLANG_WARN_BOOL_CONVERSION = YES;
				CLANG_WARN_CONSTANT_CONVERSION = YES;
				CLANG_WARN_DIRECT_OBJC_ISA_USAGE = YES_ERROR;
				CLANG_WARN_DOCUMENTATION_COMMENTS = YES;
				CLANG_WARN_EMPTY_BODY = YES;
				CLANG_WARN_ENUM_CONVERSION = YES;
				CLANG_WARN_INFINITE_RECURSION = YES;
				CLANG_WARN_INT_CONVERSION = YES;
				CLANG_WARN_OBJC_ROOT_CLASS = YES_ERROR;
				CLANG_WARN_SUSPICIOUS_MOVE = YES;
				CLANG_WARN_UNREACHABLE_CODE = YES;
				CLANG_WARN__DUPLICATE_METHOD_MATCH = YES;
				"CODE_SIGN_IDENTITY[sdk=iphoneos*]" = "iPhone Developer";
				COPY_PHASE_STRIP = NO;
				DEBUG_INFORMATION_FORMAT = "dwarf-with-dsym";
				ENABLE_NS_ASSERTIONS = NO;
				ENABLE_STRICT_OBJC_MSGSEND = YES;
				GCC_C_LANGUAGE_STANDARD = gnu99;
				GCC_NO_COMMON_BLOCKS = YES;
				GCC_WARN_64_TO_32_BIT_CONVERSION = YES;
				GCC_WARN_ABOUT_RETURN_TYPE = YES_ERROR;
				GCC_WARN_UNDECLARED_SELECTOR = YES;
				GCC_WARN_UNINITIALIZED_AUTOS = YES_AGGRESSIVE;
				GCC_WARN_UNUSED_FUNCTION = YES;
				GCC_WARN_UNUSED_VARIABLE = YES;
				IPHONEOS_DEPLOYMENT_TARGET = 10.3;
				MTL_ENABLE_DEBUG_INFO = NO;
				SDKROOT = iphoneos;
				SWIFT_OPTIMIZATION_LEVEL = "-Owholemodule";
				VALIDATE_PRODUCT = YES;
			};
			name = Release;
		};
		F3479E591F20DFF900DDB620 /* Debug */ = {
			isa = XCBuildConfiguration;
			buildSettings = {
				ASSETCATALOG_COMPILER_APPICON_NAME = AppIcon;
				DEVELOPMENT_TEAM = BN463B3322;
				INFOPLIST_FILE = SwiftUICollection/Info.plist;
				LD_RUNPATH_SEARCH_PATHS = "$(inherited) @executable_path/Frameworks";
				PRODUCT_BUNDLE_IDENTIFIER = com.example.hasebe.SwiftUICollection;
				PRODUCT_NAME = "$(TARGET_NAME)";
				SWIFT_VERSION = 3.0;
			};
			name = Debug;
		};
		F3479E5A1F20DFF900DDB620 /* Release */ = {
			isa = XCBuildConfiguration;
			buildSettings = {
				ASSETCATALOG_COMPILER_APPICON_NAME = AppIcon;
				DEVELOPMENT_TEAM = BN463B3322;
				INFOPLIST_FILE = SwiftUICollection/Info.plist;
				LD_RUNPATH_SEARCH_PATHS = "$(inherited) @executable_path/Frameworks";
				PRODUCT_BUNDLE_IDENTIFIER = com.example.hasebe.SwiftUICollection;
				PRODUCT_NAME = "$(TARGET_NAME)";
				SWIFT_VERSION = 3.0;
			};
			name = Release;
		};
/* End XCBuildConfiguration section */

/* Begin XCConfigurationList section */
		F3479E411F20DFF900DDB620 /* Build configuration list for PBXProject "SwiftUICollection" */ = {
			isa = XCConfigurationList;
			buildConfigurations = (
				F3479E561F20DFF900DDB620 /* Debug */,
				F3479E571F20DFF900DDB620 /* Release */,
			);
			defaultConfigurationIsVisible = 0;
			defaultConfigurationName = Release;
		};
		F3479E581F20DFF900DDB620 /* Build configuration list for PBXNativeTarget "SwiftUICollection" */ = {
			isa = XCConfigurationList;
			buildConfigurations = (
				F3479E591F20DFF900DDB620 /* Debug */,
				F3479E5A1F20DFF900DDB620 /* Release */,
			);
			defaultConfigurationIsVisible = 0;
			defaultConfigurationName = Release;
		};
/* End XCConfigurationList section */
	};
	rootObject = F3479E3E1F20DFF900DDB620 /* Project object */;
}
