// !$*UTF8*$!
{
	archiveVersion = 1;
	classes = {
	};
	objectVersion = 46;
	objects = {

/* Begin PBXBuildFile section */
		F309D5CA1F29E8E000D10D89 /* AppDelegate.swift in Sources */ = {isa = PBXBuildFile; fileRef = F309D5C91F29E8E000D10D89 /* AppDelegate.swift */; };
		F309D5CC1F29E8E000D10D89 /* ViewController.swift in Sources */ = {isa = PBXBuildFile; fileRef = F309D5CB1F29E8E000D10D89 /* ViewController.swift */; };
		F309D5CF1F29E8E000D10D89 /* Main.storyboard in Resources */ = {isa = PBXBuildFile; fileRef = F309D5CD1F29E8E000D10D89 /* Main.storyboard */; };
		F309D5D11F29E8E000D10D89 /* Assets.xcassets in Resources */ = {isa = PBXBuildFile; fileRef = F309D5D01F29E8E000D10D89 /* Assets.xcassets */; };
		F309D5D41F29E8E000D10D89 /* LaunchScreen.storyboard in Resources */ = {isa = PBXBuildFile; fileRef = F309D5D21F29E8E000D10D89 /* LaunchScreen.storyboard */; };
/* End PBXBuildFile section */

/* Begin PBXFileReference section */
		F309D5C61F29E8E000D10D89 /* SwiftBlurryPopUp.app */ = {isa = PBXFileReference; explicitFileType = wrapper.application; includeInIndex = 0; path = SwiftBlurryPopUp.app; sourceTree = BUILT_PRODUCTS_DIR; };
		F309D5C91F29E8E000D10D89 /* AppDelegate.swift */ = {isa = PBXFileReference; lastKnownFileType = sourcecode.swift; path = AppDelegate.swift; sourceTree = "<group>"; };
		F309D5CB1F29E8E000D10D89 /* ViewController.swift */ = {isa = PBXFileReference; lastKnownFileType = sourcecode.swift; path = ViewController.swift; sourceTree = "<group>"; };
		F309D5CE1F29E8E000D10D89 /* Base */ = {isa = PBXFileReference; lastKnownFileType = file.storyboard; name = Base; path = Base.lproj/Main.storyboard; sourceTree = "<group>"; };
		F309D5D01F29E8E000D10D89 /* Assets.xcassets */ = {isa = PBXFileReference; lastKnownFileType = folder.assetcatalog; path = Assets.xcassets; sourceTree = "<group>"; };
		F309D5D31F29E8E000D10D89 /* Base */ = {isa = PBXFileReference; lastKnownFileType = file.storyboard; name = Base; path = Base.lproj/LaunchScreen.storyboard; sourceTree = "<group>"; };
		F309D5D51F29E8E000D10D89 /* Info.plist */ = {isa = PBXFileReference; lastKnownFileType = text.plist.xml; path = Info.plist; sourceTree = "<group>"; };
/* End PBXFileReference section */

/* Begin PBXFrameworksBuildPhase section */
		F309D5C31F29E8E000D10D89 /* Frameworks */ = {
			isa = PBXFrameworksBuildPhase;
			buildActionMask = 2147483647;
			files = (
			);
			runOnlyForDeploymentPostprocessing = 0;
		};
/* End PBXFrameworksBuildPhase section */

/* Begin PBXGroup section */
		F309D5BD1F29E8E000D10D89 = {
			isa = PBXGroup;
			children = (
				F309D5C81F29E8E000D10D89 /* SwiftBlurryPopUp */,
				F309D5C71F29E8E000D10D89 /* Products */,
			);
			sourceTree = "<group>";
		};
		F309D5C71F29E8E000D10D89 /* Products */ = {
			isa = PBXGroup;
			children = (
				F309D5C61F29E8E000D10D89 /* SwiftBlurryPopUp.app */,
			);
			name = Products;
			sourceTree = "<group>";
		};
		F309D5C81F29E8E000D10D89 /* SwiftBlurryPopUp */ = {
			isa = PBXGroup;
			children = (
				F309D5C91F29E8E000D10D89 /* AppDelegate.swift */,
				F309D5CB1F29E8E000D10D89 /* ViewController.swift */,
				F309D5CD1F29E8E000D10D89 /* Main.storyboard */,
				F309D5D01F29E8E000D10D89 /* Assets.xcassets */,
				F309D5D21F29E8E000D10D89 /* LaunchScreen.storyboard */,
				F309D5D51F29E8E000D10D89 /* Info.plist */,
			);
			path = SwiftBlurryPopUp;
			sourceTree = "<group>";
		};
/* End PBXGroup section */

/* Begin PBXNativeTarget section */
		F309D5C51F29E8E000D10D89 /* SwiftBlurryPopUp */ = {
			isa = PBXNativeTarget;
			buildConfigurationList = F309D5D81F29E8E000D10D89 /* Build configuration list for PBXNativeTarget "SwiftBlurryPopUp" */;
			buildPhases = (
				F309D5C21F29E8E000D10D89 /* Sources */,
				F309D5C31F29E8E000D10D89 /* Frameworks */,
				F309D5C41F29E8E000D10D89 /* Resources */,
			);
			buildRules = (
			);
			dependencies = (
			);
			name = SwiftBlurryPopUp;
			productName = SwiftBlurryPopUp;
			productReference = F309D5C61F29E8E000D10D89 /* SwiftBlurryPopUp.app */;
			productType = "com.apple.product-type.application";
		};
/* End PBXNativeTarget section */

/* Begin PBXProject section */
		F309D5BE1F29E8E000D10D89 /* Project object */ = {
			isa = PBXProject;
			attributes = {
				LastSwiftUpdateCheck = 0830;
				LastUpgradeCheck = 0830;
				ORGANIZATIONNAME = Takanori.H;
				TargetAttributes = {
					F309D5C51F29E8E000D10D89 = {
						CreatedOnToolsVersion = 8.3.3;
						DevelopmentTeam = BN463B3322;
						ProvisioningStyle = Automatic;
					};
				};
			};
			buildConfigurationList = F309D5C11F29E8E000D10D89 /* Build configuration list for PBXProject "SwiftBlurryPopUp" */;
			compatibilityVersion = "Xcode 3.2";
			developmentRegion = English;
			hasScannedForEncodings = 0;
			knownRegions = (
				en,
				Base,
			);
			mainGroup = F309D5BD1F29E8E000D10D89;
			productRefGroup = F309D5C71F29E8E000D10D89 /* Products */;
			projectDirPath = "";
			projectRoot = "";
			targets = (
				F309D5C51F29E8E000D10D89 /* SwiftBlurryPopUp */,
			);
		};
/* End PBXProject section */

/* Begin PBXResourcesBuildPhase section */
		F309D5C41F29E8E000D10D89 /* Resources */ = {
			isa = PBXResourcesBuildPhase;
			buildActionMask = 2147483647;
			files = (
				F309D5D41F29E8E000D10D89 /* LaunchScreen.storyboard in Resources */,
				F309D5D11F29E8E000D10D89 /* Assets.xcassets in Resources */,
				F309D5CF1F29E8E000D10D89 /* Main.storyboard in Resources */,
			);
			runOnlyForDeploymentPostprocessing = 0;
		};
/* End PBXResourcesBuildPhase section */

/* Begin PBXSourcesBuildPhase section */
		F309D5C21F29E8E000D10D89 /* Sources */ = {
			isa = PBXSourcesBuildPhase;
			buildActionMask = 2147483647;
			files = (
				F309D5CC1F29E8E000D10D89 /* ViewController.swift in Sources */,
				F309D5CA1F29E8E000D10D89 /* AppDelegate.swift in Sources */,
			);
			runOnlyForDeploymentPostprocessing = 0;
		};
/* End PBXSourcesBuildPhase section */

/* Begin PBXVariantGroup section */
		F309D5CD1F29E8E000D10D89 /* Main.storyboard */ = {
			isa = PBXVariantGroup;
			children = (
				F309D5CE1F29E8E000D10D89 /* Base */,
			);
			name = Main.storyboard;
			sourceTree = "<group>";
		};
		F309D5D21F29E8E000D10D89 /* LaunchScreen.storyboard */ = {
			isa = PBXVariantGroup;
			children = (
				F309D5D31F29E8E000D10D89 /* Base */,
			);
			name = LaunchScreen.storyboard;
			sourceTree = "<group>";
		};
/* End PBXVariantGroup section */

/* Begin XCBuildConfiguration section */
		F309D5D61F29E8E000D10D89 /* Debug */ = {
			isa = XCBuildConfiguration;
			buildSettings = {
				ALWAYS_SEARCH_USER_PATHS = NO;
				CLANG_ANALYZER_NONNULL = YES;
				CLANG_ANALYZER_NUMBER_OBJECT_CONVERSION = YES_AGGRESSIVE;
				CLANG_CXX_LANGUAGE_STANDARD = "gnu++0x";
				CLANG_CXX_LIBRARY = "libc++";
				CLANG_ENABLE_MODULES = YES;
				CLANG_ENABLE_OBJC_ARC = YES;
				CLANG_WARN_BOOL_CONVERSION = YES;
				CLANG_WARN_CONSTANT_CONVERSION = YES;
				CLANG_WARN_DIRECT_OBJC_ISA_USAGE = YES_ERROR;
				CLANG_WARN_DOCUMENTATION_COMMENTS = YES;
				CLANG_WARN_EMPTY_BODY = YES;
				CLANG_WARN_ENUM_CONVERSION = YES;
				CLANG_WARN_INFINITE_RECURSION = YES;
				CLANG_WARN_INT_CONVERSION = YES;
				CLANG_WARN_OBJC_ROOT_CLASS = YES_ERROR;
				CLANG_WARN_SUSPICIOUS_MOVE = YES;
				CLANG_WARN_UNREACHABLE_CODE = YES;
				CLANG_WARN__DUPLICATE_METHOD_MATCH = YES;
				"CODE_SIGN_IDENTITY[sdk=iphoneos*]" = "iPhone Developer";
				COPY_PHASE_STRIP = NO;
				DEBUG_INFORMATION_FORMAT = dwarf;
				ENABLE_STRICT_OBJC_MSGSEND = YES;
				ENABLE_TESTABILITY = YES;
				GCC_C_LANGUAGE_STANDARD = gnu99;
				GCC_DYNAMIC_NO_PIC = NO;
				GCC_NO_COMMON_BLOCKS = YES;
				GCC_OPTIMIZATION_LEVEL = 0;
				GCC_PREPROCESSOR_DEFINITIONS = (
					"DEBUG=1",
					"$(inherited)",
				);
				GCC_WARN_64_TO_32_BIT_CONVERSION = YES;
				GCC_WARN_ABOUT_RETURN_TYPE = YES_ERROR;
				GCC_WARN_UNDECLARED_SELECTOR = YES;
				GCC_WARN_UNINITIALIZED_AUTOS = YES_AGGRESSIVE;
				GCC_WARN_UNUSED_FUNCTION = YES;
				GCC_WARN_UNUSED_VARIABLE = YES;
				IPHONEOS_DEPLOYMENT_TARGET = 10.3;
				MTL_ENABLE_DEBUG_INFO = YES;
				ONLY_ACTIVE_ARCH = YES;
				SDKROOT = iphoneos;
				SWIFT_ACTIVE_COMPILATION_CONDITIONS = DEBUG;
				SWIFT_OPTIMIZATION_LEVEL = "-Onone";
			};
			name = Debug;
		};
		F309D5D71F29E8E000D10D89 /* Release */ = {
			isa = XCBuildConfiguration;
			buildSettings = {
				ALWAYS_SEARCH_USER_PATHS = NO;
				CLANG_ANALYZER_NONNULL = YES;
				CLANG_ANALYZER_NUMBER_OBJECT_CONVERSION = YES_AGGRESSIVE;
				CLANG_CXX_LANGUAGE_STANDARD = "gnu++0x";
				CLANG_CXX_LIBRARY = "libc++";
				CLANG_ENABLE_MODULES = YES;
				CLANG_ENABLE_OBJC_ARC = YES;
				CLANG_WARN_BOOL_CONVERSION = YES;
				CLANG_WARN_CONSTANT_CONVERSION = YES;
				CLANG_WARN_DIRECT_OBJC_ISA_USAGE = YES_ERROR;
				CLANG_WARN_DOCUMENTATION_COMMENTS = YES;
				CLANG_WARN_EMPTY_BODY = YES;
				CLANG_WARN_ENUM_CONVERSION = YES;
				CLANG_WARN_INFINITE_RECURSION = YES;
				CLANG_WARN_INT_CONVERSION = YES;
				CLANG_WARN_OBJC_ROOT_CLASS = YES_ERROR;
				CLANG_WARN_SUSPICIOUS_MOVE = YES;
				CLANG_WARN_UNREACHABLE_CODE = YES;
				CLANG_WARN__DUPLICATE_METHOD_MATCH = YES;
				"CODE_SIGN_IDENTITY[sdk=iphoneos*]" = "iPhone Developer";
				COPY_PHASE_STRIP = NO;
				DEBUG_INFORMATION_FORMAT = "dwarf-with-dsym";
				ENABLE_NS_ASSERTIONS = NO;
				ENABLE_STRICT_OBJC_MSGSEND = YES;
				GCC_C_LANGUAGE_STANDARD = gnu99;
				GCC_NO_COMMON_BLOCKS = YES;
				GCC_WARN_64_TO_32_BIT_CONVERSION = YES;
				GCC_WARN_ABOUT_RETURN_TYPE = YES_ERROR;
				GCC_WARN_UNDECLARED_SELECTOR = YES;
				GCC_WARN_UNINITIALIZED_AUTOS = YES_AGGRESSIVE;
				GCC_WARN_UNUSED_FUNCTION = YES;
				GCC_WARN_UNUSED_VARIABLE = YES;
				IPHONEOS_DEPLOYMENT_TARGET = 10.3;
				MTL_ENABLE_DEBUG_INFO = NO;
				SDKROOT = iphoneos;
				SWIFT_OPTIMIZATION_LEVEL = "-Owholemodule";
				VALIDATE_PRODUCT = YES;
			};
			name = Release;
		};
		F309D5D91F29E8E000D10D89 /* Debug */ = {
			isa = XCBuildConfiguration;
			buildSettings = {
				ASSETCATALOG_COMPILER_APPICON_NAME = AppIcon;
				DEVELOPMENT_TEAM = BN463B3322;
				INFOPLIST_FILE = SwiftBlurryPopUp/Info.plist;
				LD_RUNPATH_SEARCH_PATHS = "$(inherited) @executable_path/Frameworks";
				PRODUCT_BUNDLE_IDENTIFIER = com.example.hasebe.SwiftBlurryPopUp;
				PRODUCT_NAME = "$(TARGET_NAME)";
				SWIFT_VERSION = 3.0;
			};
			name = Debug;
		};
		F309D5DA1F29E8E000D10D89 /* Release */ = {
			isa = XCBuildConfiguration;
			buildSettings = {
				ASSETCATALOG_COMPILER_APPICON_NAME = AppIcon;
				DEVELOPMENT_TEAM = BN463B3322;
				INFOPLIST_FILE = SwiftBlurryPopUp/Info.plist;
				LD_RUNPATH_SEARCH_PATHS = "$(inherited) @executable_path/Frameworks";
				PRODUCT_BUNDLE_IDENTIFIER = com.example.hasebe.SwiftBlurryPopUp;
				PRODUCT_NAME = "$(TARGET_NAME)";
				SWIFT_VERSION = 3.0;
			};
			name = Release;
		};
/* End XCBuildConfiguration section */

/* Begin XCConfigurationList section */
		F309D5C11F29E8E000D10D89 /* Build configuration list for PBXProject "SwiftBlurryPopUp" */ = {
			isa = XCConfigurationList;
			buildConfigurations = (
				F309D5D61F29E8E000D10D89 /* Debug */,
				F309D5D71F29E8E000D10D89 /* Release */,
			);
			defaultConfigurationIsVisible = 0;
			defaultConfigurationName = Release;
		};
		F309D5D81F29E8E000D10D89 /* Build configuration list for PBXNativeTarget "SwiftBlurryPopUp" */ = {
			isa = XCConfigurationList;
			buildConfigurations = (
				F309D5D91F29E8E000D10D89 /* Debug */,
				F309D5DA1F29E8E000D10D89 /* Release */,
			);
			defaultConfigurationIsVisible = 0;
		};
/* End XCConfigurationList section */
	};
	rootObject = F309D5BE1F29E8E000D10D89 /* Project object */;
}
