// !$*UTF8*$!
{
	archiveVersion = 1;
	classes = {
	};
	objectVersion = 46;
	objects = {

/* Begin PBXBuildFile section */
		6F66DC4AFD6B6DC15025A0E2 /* Pods_maison.framework in Frameworks */ = {isa = PBXBuildFile; fileRef = 4CF63B2F69B893E2CFCCE4F7 /* Pods_maison.framework */; };
		F39F224E1E9F78ED002C971A /* GoogleService-Info.plist in Resources */ = {isa = PBXBuildFile; fileRef = F39F224D1E9F78ED002C971A /* GoogleService-Info.plist */; };
		F3FB60251E9F41D400CC5736 /* AppDelegate.swift in Sources */ = {isa = PBXBuildFile; fileRef = F3FB60241E9F41D400CC5736 /* AppDelegate.swift */; };
		F3FB60271E9F41D400CC5736 /* ViewController.swift in Sources */ = {isa = PBXBuildFile; fileRef = F3FB60261E9F41D400CC5736 /* ViewController.swift */; };
		F3FB602A1E9F41D400CC5736 /* Main.storyboard in Resources */ = {isa = PBXBuildFile; fileRef = F3FB60281E9F41D400CC5736 /* Main.storyboard */; };
		F3FB602C1E9F41D400CC5736 /* Assets.xcassets in Resources */ = {isa = PBXBuildFile; fileRef = F3FB602B1E9F41D400CC5736 /* Assets.xcassets */; };
		F3FB602F1E9F41D400CC5736 /* LaunchScreen.storyboard in Resources */ = {isa = PBXBuildFile; fileRef = F3FB602D1E9F41D400CC5736 /* LaunchScreen.storyboard */; };
/* End PBXBuildFile section */

/* Begin PBXFileReference section */
		4A1AC6FB8835A032BD2C14BB /* Pods-maison.release.xcconfig */ = {isa = PBXFileReference; includeInIndex = 1; lastKnownFileType = text.xcconfig; name = "Pods-maison.release.xcconfig"; path = "Pods/Target Support Files/Pods-maison/Pods-maison.release.xcconfig"; sourceTree = "<group>"; };
		4CF63B2F69B893E2CFCCE4F7 /* Pods_maison.framework */ = {isa = PBXFileReference; explicitFileType = wrapper.framework; includeInIndex = 0; path = Pods_maison.framework; sourceTree = BUILT_PRODUCTS_DIR; };
		F338315B1E9F60AB001C0A4B /* maison.entitlements */ = {isa = PBXFileReference; lastKnownFileType = text.plist.entitlements; path = maison.entitlements; sourceTree = "<group>"; };
		F39F224D1E9F78ED002C971A /* GoogleService-Info.plist */ = {isa = PBXFileReference; fileEncoding = 4; lastKnownFileType = text.plist.xml; path = "GoogleService-Info.plist"; sourceTree = "<group>"; };
		F3FB60211E9F41D400CC5736 /* maison.app */ = {isa = PBXFileReference; explicitFileType = wrapper.application; includeInIndex = 0; path = maison.app; sourceTree = BUILT_PRODUCTS_DIR; };
		F3FB60241E9F41D400CC5736 /* AppDelegate.swift */ = {isa = PBXFileReference; lastKnownFileType = sourcecode.swift; path = AppDelegate.swift; sourceTree = "<group>"; };
		F3FB60261E9F41D400CC5736 /* ViewController.swift */ = {isa = PBXFileReference; lastKnownFileType = sourcecode.swift; path = ViewController.swift; sourceTree = "<group>"; };
		F3FB60291E9F41D400CC5736 /* Base */ = {isa = PBXFileReference; lastKnownFileType = file.storyboard; name = Base; path = Base.lproj/Main.storyboard; sourceTree = "<group>"; };
		F3FB602B1E9F41D400CC5736 /* Assets.xcassets */ = {isa = PBXFileReference; lastKnownFileType = folder.assetcatalog; path = Assets.xcassets; sourceTree = "<group>"; };
		F3FB602E1E9F41D400CC5736 /* Base */ = {isa = PBXFileReference; lastKnownFileType = file.storyboard; name = Base; path = Base.lproj/LaunchScreen.storyboard; sourceTree = "<group>"; };
		F3FB60301E9F41D400CC5736 /* Info.plist */ = {isa = PBXFileReference; lastKnownFileType = text.plist.xml; path = Info.plist; sourceTree = "<group>"; };
		F6421CDB28BD5DB481917C0B /* Pods-maison.debug.xcconfig */ = {isa = PBXFileReference; includeInIndex = 1; lastKnownFileType = text.xcconfig; name = "Pods-maison.debug.xcconfig"; path = "Pods/Target Support Files/Pods-maison/Pods-maison.debug.xcconfig"; sourceTree = "<group>"; };
/* End PBXFileReference section */

/* Begin PBXFrameworksBuildPhase section */
		F3FB601E1E9F41D400CC5736 /* Frameworks */ = {
			isa = PBXFrameworksBuildPhase;
			buildActionMask = 2147483647;
			files = (
				6F66DC4AFD6B6DC15025A0E2 /* Pods_maison.framework in Frameworks */,
			);
			runOnlyForDeploymentPostprocessing = 0;
		};
/* End PBXFrameworksBuildPhase section */

/* Begin PBXGroup section */
		3CE7C482C02B742FFB2C7503 /* Pods */ = {
			isa = PBXGroup;
			children = (
				F6421CDB28BD5DB481917C0B /* Pods-maison.debug.xcconfig */,
				4A1AC6FB8835A032BD2C14BB /* Pods-maison.release.xcconfig */,
			);
			name = Pods;
			sourceTree = "<group>";
		};
		C467678D290E0FBD65C9E652 /* Frameworks */ = {
			isa = PBXGroup;
			children = (
				4CF63B2F69B893E2CFCCE4F7 /* Pods_maison.framework */,
			);
			name = Frameworks;
			sourceTree = "<group>";
		};
		F3FB60181E9F41D400CC5736 = {
			isa = PBXGroup;
			children = (
				F3FB60231E9F41D400CC5736 /* maison */,
				F3FB60221E9F41D400CC5736 /* Products */,
				3CE7C482C02B742FFB2C7503 /* Pods */,
				C467678D290E0FBD65C9E652 /* Frameworks */,
			);
			sourceTree = "<group>";
		};
		F3FB60221E9F41D400CC5736 /* Products */ = {
			isa = PBXGroup;
			children = (
				F3FB60211E9F41D400CC5736 /* maison.app */,
			);
			name = Products;
			sourceTree = "<group>";
		};
		F3FB60231E9F41D400CC5736 /* maison */ = {
			isa = PBXGroup;
			children = (
				F338315B1E9F60AB001C0A4B /* maison.entitlements */,
				F3FB60241E9F41D400CC5736 /* AppDelegate.swift */,
				F3FB60261E9F41D400CC5736 /* ViewController.swift */,
				F3FB60281E9F41D400CC5736 /* Main.storyboard */,
				F3FB602B1E9F41D400CC5736 /* Assets.xcassets */,
				F3FB602D1E9F41D400CC5736 /* LaunchScreen.storyboard */,
				F3FB60301E9F41D400CC5736 /* Info.plist */,
				F39F224D1E9F78ED002C971A /* GoogleService-Info.plist */,
			);
			path = maison;
			sourceTree = "<group>";
		};
/* End PBXGroup section */

/* Begin PBXNativeTarget section */
		F3FB60201E9F41D400CC5736 /* maison */ = {
			isa = PBXNativeTarget;
			buildConfigurationList = F3FB60331E9F41D400CC5736 /* Build configuration list for PBXNativeTarget "maison" */;
			buildPhases = (
				4E48E15F7063BD44BBA517C1 /* [CP] Check Pods Manifest.lock */,
				F3FB601D1E9F41D400CC5736 /* Sources */,
				F3FB601E1E9F41D400CC5736 /* Frameworks */,
				F3FB601F1E9F41D400CC5736 /* Resources */,
				962315944A72ED783DE96389 /* [CP] Embed Pods Frameworks */,
				5B0396B4D54271C71B840B84 /* [CP] Copy Pods Resources */,
			);
			buildRules = (
			);
			dependencies = (
			);
			name = maison;
			productName = maison;
			productReference = F3FB60211E9F41D400CC5736 /* maison.app */;
			productType = "com.apple.product-type.application";
		};
/* End PBXNativeTarget section */

/* Begin PBXProject section */
		F3FB60191E9F41D400CC5736 /* Project object */ = {
			isa = PBXProject;
			attributes = {
				LastSwiftUpdateCheck = 0830;
				LastUpgradeCheck = 0830;
				ORGANIZATIONNAME = Takanori.H;
				TargetAttributes = {
					F3FB60201E9F41D400CC5736 = {
						CreatedOnToolsVersion = 8.3.1;
						DevelopmentTeam = BN463B3322;
						ProvisioningStyle = Automatic;
						SystemCapabilities = {
							com.apple.Keychain = {
								enabled = 1;
							};
						};
					};
				};
			};
			buildConfigurationList = F3FB601C1E9F41D400CC5736 /* Build configuration list for PBXProject "maison" */;
			compatibilityVersion = "Xcode 3.2";
			developmentRegion = English;
			hasScannedForEncodings = 0;
			knownRegions = (
				en,
				Base,
			);
			mainGroup = F3FB60181E9F41D400CC5736;
			productRefGroup = F3FB60221E9F41D400CC5736 /* Products */;
			projectDirPath = "";
			projectRoot = "";
			targets = (
				F3FB60201E9F41D400CC5736 /* maison */,
			);
		};
/* End PBXProject section */

/* Begin PBXResourcesBuildPhase section */
		F3FB601F1E9F41D400CC5736 /* Resources */ = {
			isa = PBXResourcesBuildPhase;
			buildActionMask = 2147483647;
			files = (
				F39F224E1E9F78ED002C971A /* GoogleService-Info.plist in Resources */,
				F3FB602F1E9F41D400CC5736 /* LaunchScreen.storyboard in Resources */,
				F3FB602C1E9F41D400CC5736 /* Assets.xcassets in Resources */,
				F3FB602A1E9F41D400CC5736 /* Main.storyboard in Resources */,
			);
			runOnlyForDeploymentPostprocessing = 0;
		};
/* End PBXResourcesBuildPhase section */

/* Begin PBXShellScriptBuildPhase section */
		4E48E15F7063BD44BBA517C1 /* [CP] Check Pods Manifest.lock */ = {
			isa = PBXShellScriptBuildPhase;
			buildActionMask = 2147483647;
			files = (
			);
			inputPaths = (
			);
			name = "[CP] Check Pods Manifest.lock";
			outputPaths = (
			);
			runOnlyForDeploymentPostprocessing = 0;
			shellPath = /bin/sh;
			shellScript = "diff \"${PODS_ROOT}/../Podfile.lock\" \"${PODS_ROOT}/Manifest.lock\" > /dev/null\nif [ $? != 0 ] ; then\n    # print error to STDERR\n    echo \"error: The sandbox is not in sync with the Podfile.lock. Run 'pod install' or update your CocoaPods installation.\" >&2\n    exit 1\nfi\n";
			showEnvVarsInLog = 0;
		};
		5B0396B4D54271C71B840B84 /* [CP] Copy Pods Resources */ = {
			isa = PBXShellScriptBuildPhase;
			buildActionMask = 2147483647;
			files = (
			);
			inputPaths = (
			);
			name = "[CP] Copy Pods Resources";
			outputPaths = (
			);
			runOnlyForDeploymentPostprocessing = 0;
			shellPath = /bin/sh;
			shellScript = "\"${SRCROOT}/Pods/Target Support Files/Pods-maison/Pods-maison-resources.sh\"\n";
			showEnvVarsInLog = 0;
		};
		962315944A72ED783DE96389 /* [CP] Embed Pods Frameworks */ = {
			isa = PBXShellScriptBuildPhase;
			buildActionMask = 2147483647;
			files = (
			);
			inputPaths = (
			);
			name = "[CP] Embed Pods Frameworks";
			outputPaths = (
			);
			runOnlyForDeploymentPostprocessing = 0;
			shellPath = /bin/sh;
			shellScript = "\"${SRCROOT}/Pods/Target Support Files/Pods-maison/Pods-maison-frameworks.sh\"\n";
			showEnvVarsInLog = 0;
		};
/* End PBXShellScriptBuildPhase section */

/* Begin PBXSourcesBuildPhase section */
		F3FB601D1E9F41D400CC5736 /* Sources */ = {
			isa = PBXSourcesBuildPhase;
			buildActionMask = 2147483647;
			files = (
				F3FB60271E9F41D400CC5736 /* ViewController.swift in Sources */,
				F3FB60251E9F41D400CC5736 /* AppDelegate.swift in Sources */,
			);
			runOnlyForDeploymentPostprocessing = 0;
		};
/* End PBXSourcesBuildPhase section */

/* Begin PBXVariantGroup section */
		F3FB60281E9F41D400CC5736 /* Main.storyboard */ = {
			isa = PBXVariantGroup;
			children = (
				F3FB60291E9F41D400CC5736 /* Base */,
			);
			name = Main.storyboard;
			sourceTree = "<group>";
		};
		F3FB602D1E9F41D400CC5736 /* LaunchScreen.storyboard */ = {
			isa = PBXVariantGroup;
			children = (
				F3FB602E1E9F41D400CC5736 /* Base */,
			);
			name = LaunchScreen.storyboard;
			sourceTree = "<group>";
		};
/* End PBXVariantGroup section */

/* Begin XCBuildConfiguration section */
		F3FB60311E9F41D400CC5736 /* Debug */ = {
			isa = XCBuildConfiguration;
			buildSettings = {
				ALWAYS_SEARCH_USER_PATHS = NO;
				CLANG_ANALYZER_NONNULL = YES;
				CLANG_ANALYZER_NUMBER_OBJECT_CONVERSION = YES_AGGRESSIVE;
				CLANG_CXX_LANGUAGE_STANDARD = "gnu++0x";
				CLANG_CXX_LIBRARY = "libc++";
				CLANG_ENABLE_MODULES = YES;
				CLANG_ENABLE_OBJC_ARC = YES;
				CLANG_WARN_BOOL_CONVERSION = YES;
				CLANG_WARN_CONSTANT_CONVERSION = YES;
				CLANG_WARN_DIRECT_OBJC_ISA_USAGE = YES_ERROR;
				CLANG_WARN_DOCUMENTATION_COMMENTS = YES;
				CLANG_WARN_EMPTY_BODY = YES;
				CLANG_WARN_ENUM_CONVERSION = YES;
				CLANG_WARN_INFINITE_RECURSION = YES;
				CLANG_WARN_INT_CONVERSION = YES;
				CLANG_WARN_OBJC_ROOT_CLASS = YES_ERROR;
				CLANG_WARN_SUSPICIOUS_MOVE = YES;
				CLANG_WARN_UNREACHABLE_CODE = YES;
				CLANG_WARN__DUPLICATE_METHOD_MATCH = YES;
				"CODE_SIGN_IDENTITY[sdk=iphoneos*]" = "iPhone Developer";
				COPY_PHASE_STRIP = NO;
				DEBUG_INFORMATION_FORMAT = dwarf;
				ENABLE_STRICT_OBJC_MSGSEND = YES;
				ENABLE_TESTABILITY = YES;
				GCC_C_LANGUAGE_STANDARD = gnu99;
				GCC_DYNAMIC_NO_PIC = NO;
				GCC_NO_COMMON_BLOCKS = YES;
				GCC_OPTIMIZATION_LEVEL = 0;
				GCC_PREPROCESSOR_DEFINITIONS = (
					"DEBUG=1",
					"$(inherited)",
				);
				GCC_WARN_64_TO_32_BIT_CONVERSION = YES;
				GCC_WARN_ABOUT_RETURN_TYPE = YES_ERROR;
				GCC_WARN_UNDECLARED_SELECTOR = YES;
				GCC_WARN_UNINITIALIZED_AUTOS = YES_AGGRESSIVE;
				GCC_WARN_UNUSED_FUNCTION = YES;
				GCC_WARN_UNUSED_VARIABLE = YES;
				IPHONEOS_DEPLOYMENT_TARGET = 10.3;
				MTL_ENABLE_DEBUG_INFO = YES;
				ONLY_ACTIVE_ARCH = YES;
				SDKROOT = iphoneos;
				SWIFT_ACTIVE_COMPILATION_CONDITIONS = DEBUG;
				SWIFT_OPTIMIZATION_LEVEL = "-Onone";
			};
			name = Debug;
		};
		F3FB60321E9F41D400CC5736 /* Release */ = {
			isa = XCBuildConfiguration;
			buildSettings = {
				ALWAYS_SEARCH_USER_PATHS = NO;
				CLANG_ANALYZER_NONNULL = YES;
				CLANG_ANALYZER_NUMBER_OBJECT_CONVERSION = YES_AGGRESSIVE;
				CLANG_CXX_LANGUAGE_STANDARD = "gnu++0x";
				CLANG_CXX_LIBRARY = "libc++";
				CLANG_ENABLE_MODULES = YES;
				CLANG_ENABLE_OBJC_ARC = YES;
				CLANG_WARN_BOOL_CONVERSION = YES;
				CLANG_WARN_CONSTANT_CONVERSION = YES;
				CLANG_WARN_DIRECT_OBJC_ISA_USAGE = YES_ERROR;
				CLANG_WARN_DOCUMENTATION_COMMENTS = YES;
				CLANG_WARN_EMPTY_BODY = YES;
				CLANG_WARN_ENUM_CONVERSION = YES;
				CLANG_WARN_INFINITE_RECURSION = YES;
				CLANG_WARN_INT_CONVERSION = YES;
				CLANG_WARN_OBJC_ROOT_CLASS = YES_ERROR;
				CLANG_WARN_SUSPICIOUS_MOVE = YES;
				CLANG_WARN_UNREACHABLE_CODE = YES;
				CLANG_WARN__DUPLICATE_METHOD_MATCH = YES;
				"CODE_SIGN_IDENTITY[sdk=iphoneos*]" = "iPhone Developer";
				COPY_PHASE_STRIP = NO;
				DEBUG_INFORMATION_FORMAT = "dwarf-with-dsym";
				ENABLE_NS_ASSERTIONS = NO;
				ENABLE_STRICT_OBJC_MSGSEND = YES;
				GCC_C_LANGUAGE_STANDARD = gnu99;
				GCC_NO_COMMON_BLOCKS = YES;
				GCC_WARN_64_TO_32_BIT_CONVERSION = YES;
				GCC_WARN_ABOUT_RETURN_TYPE = YES_ERROR;
				GCC_WARN_UNDECLARED_SELECTOR = YES;
				GCC_WARN_UNINITIALIZED_AUTOS = YES_AGGRESSIVE;
				GCC_WARN_UNUSED_FUNCTION = YES;
				GCC_WARN_UNUSED_VARIABLE = YES;
				IPHONEOS_DEPLOYMENT_TARGET = 10.3;
				MTL_ENABLE_DEBUG_INFO = NO;
				SDKROOT = iphoneos;
				SWIFT_OPTIMIZATION_LEVEL = "-Owholemodule";
				VALIDATE_PRODUCT = YES;
			};
			name = Release;
		};
		F3FB60341E9F41D400CC5736 /* Debug */ = {
			isa = XCBuildConfiguration;
			baseConfigurationReference = F6421CDB28BD5DB481917C0B /* Pods-maison.debug.xcconfig */;
			buildSettings = {
				ASSETCATALOG_COMPILER_APPICON_NAME = AppIcon;
				CODE_SIGN_ENTITLEMENTS = maison/maison.entitlements;
				DEVELOPMENT_TEAM = BN463B3322;
				INFOPLIST_FILE = maison/Info.plist;
				LD_RUNPATH_SEARCH_PATHS = "$(inherited) @executable_path/Frameworks";
				PRODUCT_BUNDLE_IDENTIFIER = com.example.hasebe.maison;
				PRODUCT_NAME = "$(TARGET_NAME)";
				SWIFT_VERSION = 3.0;
			};
			name = Debug;
		};
		F3FB60351E9F41D400CC5736 /* Release */ = {
			isa = XCBuildConfiguration;
			baseConfigurationReference = 4A1AC6FB8835A032BD2C14BB /* Pods-maison.release.xcconfig */;
			buildSettings = {
				ASSETCATALOG_COMPILER_APPICON_NAME = AppIcon;
				CODE_SIGN_ENTITLEMENTS = maison/maison.entitlements;
				DEVELOPMENT_TEAM = BN463B3322;
				INFOPLIST_FILE = maison/Info.plist;
				LD_RUNPATH_SEARCH_PATHS = "$(inherited) @executable_path/Frameworks";
				PRODUCT_BUNDLE_IDENTIFIER = com.example.hasebe.maison;
				PRODUCT_NAME = "$(TARGET_NAME)";
				SWIFT_VERSION = 3.0;
			};
			name = Release;
		};
/* End XCBuildConfiguration section */

/* Begin XCConfigurationList section */
		F3FB601C1E9F41D400CC5736 /* Build configuration list for PBXProject "maison" */ = {
			isa = XCConfigurationList;
			buildConfigurations = (
				F3FB60311E9F41D400CC5736 /* Debug */,
				F3FB60321E9F41D400CC5736 /* Release */,
			);
			defaultConfigurationIsVisible = 0;
			defaultConfigurationName = Release;
		};
		F3FB60331E9F41D400CC5736 /* Build configuration list for PBXNativeTarget "maison" */ = {
			isa = XCConfigurationList;
			buildConfigurations = (
				F3FB60341E9F41D400CC5736 /* Debug */,
				F3FB60351E9F41D400CC5736 /* Release */,
			);
			defaultConfigurationIsVisible = 0;
			defaultConfigurationName = Release;
		};
/* End XCConfigurationList section */
	};
	rootObject = F3FB60191E9F41D400CC5736 /* Project object */;
}
