// !$*UTF8*$!
{
	archiveVersion = 1;
	classes = {
	};
	objectVersion = 48;
	objects = {

/* Begin PBXBuildFile section */
		F30980841FDCCE76005C32CF /* AppDelegate.swift in Sources */ = {isa = PBXBuildFile; fileRef = F30980831FDCCE76005C32CF /* AppDelegate.swift */; };
		F30980861FDCCE76005C32CF /* ViewController.swift in Sources */ = {isa = PBXBuildFile; fileRef = F30980851FDCCE76005C32CF /* ViewController.swift */; };
		F30980891FDCCE76005C32CF /* Main.storyboard in Resources */ = {isa = PBXBuildFile; fileRef = F30980871FDCCE76005C32CF /* Main.storyboard */; };
		F309808B1FDCCE76005C32CF /* Assets.xcassets in Resources */ = {isa = PBXBuildFile; fileRef = F309808A1FDCCE76005C32CF /* Assets.xcassets */; };
		F309808E1FDCCE76005C32CF /* LaunchScreen.storyboard in Resources */ = {isa = PBXBuildFile; fileRef = F309808C1FDCCE76005C32CF /* LaunchScreen.storyboard */; };
/* End PBXBuildFile section */

/* Begin PBXFileReference section */
		F30980801FDCCE76005C32CF /* SwiftAutoLayoutStoryboard.app */ = {isa = PBXFileReference; explicitFileType = wrapper.application; includeInIndex = 0; path = SwiftAutoLayoutStoryboard.app; sourceTree = BUILT_PRODUCTS_DIR; };
		F30980831FDCCE76005C32CF /* AppDelegate.swift */ = {isa = PBXFileReference; lastKnownFileType = sourcecode.swift; path = AppDelegate.swift; sourceTree = "<group>"; };
		F30980851FDCCE76005C32CF /* ViewController.swift */ = {isa = PBXFileReference; lastKnownFileType = sourcecode.swift; path = ViewController.swift; sourceTree = "<group>"; };
		F30980881FDCCE76005C32CF /* Base */ = {isa = PBXFileReference; lastKnownFileType = file.storyboard; name = Base; path = Base.lproj/Main.storyboard; sourceTree = "<group>"; };
		F309808A1FDCCE76005C32CF /* Assets.xcassets */ = {isa = PBXFileReference; lastKnownFileType = folder.assetcatalog; path = Assets.xcassets; sourceTree = "<group>"; };
		F309808D1FDCCE76005C32CF /* Base */ = {isa = PBXFileReference; lastKnownFileType = file.storyboard; name = Base; path = Base.lproj/LaunchScreen.storyboard; sourceTree = "<group>"; };
		F309808F1FDCCE76005C32CF /* Info.plist */ = {isa = PBXFileReference; lastKnownFileType = text.plist.xml; path = Info.plist; sourceTree = "<group>"; };
/* End PBXFileReference section */

/* Begin PBXFrameworksBuildPhase section */
		F309807D1FDCCE76005C32CF /* Frameworks */ = {
			isa = PBXFrameworksBuildPhase;
			buildActionMask = 2147483647;
			files = (
			);
			runOnlyForDeploymentPostprocessing = 0;
		};
/* End PBXFrameworksBuildPhase section */

/* Begin PBXGroup section */
		F30980771FDCCE76005C32CF = {
			isa = PBXGroup;
			children = (
				F30980821FDCCE76005C32CF /* SwiftAutoLayoutStoryboard */,
				F30980811FDCCE76005C32CF /* Products */,
			);
			sourceTree = "<group>";
		};
		F30980811FDCCE76005C32CF /* Products */ = {
			isa = PBXGroup;
			children = (
				F30980801FDCCE76005C32CF /* SwiftAutoLayoutStoryboard.app */,
			);
			name = Products;
			sourceTree = "<group>";
		};
		F30980821FDCCE76005C32CF /* SwiftAutoLayoutStoryboard */ = {
			isa = PBXGroup;
			children = (
				F30980831FDCCE76005C32CF /* AppDelegate.swift */,
				F30980851FDCCE76005C32CF /* ViewController.swift */,
				F30980871FDCCE76005C32CF /* Main.storyboard */,
				F309808A1FDCCE76005C32CF /* Assets.xcassets */,
				F309808C1FDCCE76005C32CF /* LaunchScreen.storyboard */,
				F309808F1FDCCE76005C32CF /* Info.plist */,
			);
			path = SwiftAutoLayoutStoryboard;
			sourceTree = "<group>";
		};
/* End PBXGroup section */

/* Begin PBXNativeTarget section */
		F309807F1FDCCE76005C32CF /* SwiftAutoLayoutStoryboard */ = {
			isa = PBXNativeTarget;
			buildConfigurationList = F30980921FDCCE76005C32CF /* Build configuration list for PBXNativeTarget "SwiftAutoLayoutStoryboard" */;
			buildPhases = (
				F309807C1FDCCE76005C32CF /* Sources */,
				F309807D1FDCCE76005C32CF /* Frameworks */,
				F309807E1FDCCE76005C32CF /* Resources */,
			);
			buildRules = (
			);
			dependencies = (
			);
			name = SwiftAutoLayoutStoryboard;
			productName = SwiftAutoLayoutStoryboard;
			productReference = F30980801FDCCE76005C32CF /* SwiftAutoLayoutStoryboard.app */;
			productType = "com.apple.product-type.application";
		};
/* End PBXNativeTarget section */

/* Begin PBXProject section */
		F30980781FDCCE76005C32CF /* Project object */ = {
			isa = PBXProject;
			attributes = {
				LastSwiftUpdateCheck = 0920;
				LastUpgradeCheck = 0920;
				ORGANIZATIONNAME = Takanori.H;
				TargetAttributes = {
					F309807F1FDCCE76005C32CF = {
						CreatedOnToolsVersion = 9.2;
						ProvisioningStyle = Automatic;
					};
				};
			};
			buildConfigurationList = F309807B1FDCCE76005C32CF /* Build configuration list for PBXProject "SwiftAutoLayoutStoryboard" */;
			compatibilityVersion = "Xcode 8.0";
			developmentRegion = en;
			hasScannedForEncodings = 0;
			knownRegions = (
				en,
				Base,
			);
			mainGroup = F30980771FDCCE76005C32CF;
			productRefGroup = F30980811FDCCE76005C32CF /* Products */;
			projectDirPath = "";
			projectRoot = "";
			targets = (
				F309807F1FDCCE76005C32CF /* SwiftAutoLayoutStoryboard */,
			);
		};
/* End PBXProject section */

/* Begin PBXResourcesBuildPhase section */
		F309807E1FDCCE76005C32CF /* Resources */ = {
			isa = PBXResourcesBuildPhase;
			buildActionMask = 2147483647;
			files = (
				F309808E1FDCCE76005C32CF /* LaunchScreen.storyboard in Resources */,
				F309808B1FDCCE76005C32CF /* Assets.xcassets in Resources */,
				F30980891FDCCE76005C32CF /* Main.storyboard in Resources */,
			);
			runOnlyForDeploymentPostprocessing = 0;
		};
/* End PBXResourcesBuildPhase section */

/* Begin PBXSourcesBuildPhase section */
		F309807C1FDCCE76005C32CF /* Sources */ = {
			isa = PBXSourcesBuildPhase;
			buildActionMask = 2147483647;
			files = (
				F30980861FDCCE76005C32CF /* ViewController.swift in Sources */,
				F30980841FDCCE76005C32CF /* AppDelegate.swift in Sources */,
			);
			runOnlyForDeploymentPostprocessing = 0;
		};
/* End PBXSourcesBuildPhase section */

/* Begin PBXVariantGroup section */
		F30980871FDCCE76005C32CF /* Main.storyboard */ = {
			isa = PBXVariantGroup;
			children = (
				F30980881FDCCE76005C32CF /* Base */,
			);
			name = Main.storyboard;
			sourceTree = "<group>";
		};
		F309808C1FDCCE76005C32CF /* LaunchScreen.storyboard */ = {
			isa = PBXVariantGroup;
			children = (
				F309808D1FDCCE76005C32CF /* Base */,
			);
			name = LaunchScreen.storyboard;
			sourceTree = "<group>";
		};
/* End PBXVariantGroup section */

/* Begin XCBuildConfiguration section */
		F30980901FDCCE76005C32CF /* Debug */ = {
			isa = XCBuildConfiguration;
			buildSettings = {
				ALWAYS_SEARCH_USER_PATHS = NO;
				CLANG_ANALYZER_NONNULL = YES;
				CLANG_ANALYZER_NUMBER_OBJECT_CONVERSION = YES_AGGRESSIVE;
				CLANG_CXX_LANGUAGE_STANDARD = "gnu++14";
				CLANG_CXX_LIBRARY = "libc++";
				CLANG_ENABLE_MODULES = YES;
				CLANG_ENABLE_OBJC_ARC = YES;
				CLANG_WARN_BLOCK_CAPTURE_AUTORELEASING = YES;
				CLANG_WARN_BOOL_CONVERSION = YES;
				CLANG_WARN_COMMA = YES;
				CLANG_WARN_CONSTANT_CONVERSION = YES;
				CLANG_WARN_DIRECT_OBJC_ISA_USAGE = YES_ERROR;
				CLANG_WARN_DOCUMENTATION_COMMENTS = YES;
				CLANG_WARN_EMPTY_BODY = YES;
				CLANG_WARN_ENUM_CONVERSION = YES;
				CLANG_WARN_INFINITE_RECURSION = YES;
				CLANG_WARN_INT_CONVERSION = YES;
				CLANG_WARN_NON_LITERAL_NULL_CONVERSION = YES;
				CLANG_WARN_OBJC_LITERAL_CONVERSION = YES;
				CLANG_WARN_OBJC_ROOT_CLASS = YES_ERROR;
				CLANG_WARN_RANGE_LOOP_ANALYSIS = YES;
				CLANG_WARN_STRICT_PROTOTYPES = YES;
				CLANG_WARN_SUSPICIOUS_MOVE = YES;
				CLANG_WARN_UNGUARDED_AVAILABILITY = YES_AGGRESSIVE;
				CLANG_WARN_UNREACHABLE_CODE = YES;
				CLANG_WARN__DUPLICATE_METHOD_MATCH = YES;
				CODE_SIGN_IDENTITY = "iPhone Developer";
				COPY_PHASE_STRIP = NO;
				DEBUG_INFORMATION_FORMAT = dwarf;
				ENABLE_STRICT_OBJC_MSGSEND = YES;
				ENABLE_TESTABILITY = YES;
				GCC_C_LANGUAGE_STANDARD = gnu11;
				GCC_DYNAMIC_NO_PIC = NO;
				GCC_NO_COMMON_BLOCKS = YES;
				GCC_OPTIMIZATION_LEVEL = 0;
				GCC_PREPROCESSOR_DEFINITIONS = (
					"DEBUG=1",
					"$(inherited)",
				);
				GCC_WARN_64_TO_32_BIT_CONVERSION = YES;
				GCC_WARN_ABOUT_RETURN_TYPE = YES_ERROR;
				GCC_WARN_UNDECLARED_SELECTOR = YES;
				GCC_WARN_UNINITIALIZED_AUTOS = YES_AGGRESSIVE;
				GCC_WARN_UNUSED_FUNCTION = YES;
				GCC_WARN_UNUSED_VARIABLE = YES;
				IPHONEOS_DEPLOYMENT_TARGET = 11.2;
				MTL_ENABLE_DEBUG_INFO = YES;
				ONLY_ACTIVE_ARCH = YES;
				SDKROOT = iphoneos;
				SWIFT_ACTIVE_COMPILATION_CONDITIONS = DEBUG;
				SWIFT_OPTIMIZATION_LEVEL = "-Onone";
			};
			name = Debug;
		};
		F30980911FDCCE76005C32CF /* Release */ = {
			isa = XCBuildConfiguration;
			buildSettings = {
				ALWAYS_SEARCH_USER_PATHS = NO;
				CLANG_ANALYZER_NONNULL = YES;
				CLANG_ANALYZER_NUMBER_OBJECT_CONVERSION = YES_AGGRESSIVE;
				CLANG_CXX_LANGUAGE_STANDARD = "gnu++14";
				CLANG_CXX_LIBRARY = "libc++";
				CLANG_ENABLE_MODULES = YES;
				CLANG_ENABLE_OBJC_ARC = YES;
				CLANG_WARN_BLOCK_CAPTURE_AUTORELEASING = YES;
				CLANG_WARN_BOOL_CONVERSION = YES;
				CLANG_WARN_COMMA = YES;
				CLANG_WARN_CONSTANT_CONVERSION = YES;
				CLANG_WARN_DIRECT_OBJC_ISA_USAGE = YES_ERROR;
				CLANG_WARN_DOCUMENTATION_COMMENTS = YES;
				CLANG_WARN_EMPTY_BODY = YES;
				CLANG_WARN_ENUM_CONVERSION = YES;
				CLANG_WARN_INFINITE_RECURSION = YES;
				CLANG_WARN_INT_CONVERSION = YES;
				CLANG_WARN_NON_LITERAL_NULL_CONVERSION = YES;
				CLANG_WARN_OBJC_LITERAL_CONVERSION = YES;
				CLANG_WARN_OBJC_ROOT_CLASS = YES_ERROR;
				CLANG_WARN_RANGE_LOOP_ANALYSIS = YES;
				CLANG_WARN_STRICT_PROTOTYPES = YES;
				CLANG_WARN_SUSPICIOUS_MOVE = YES;
				CLANG_WARN_UNGUARDED_AVAILABILITY = YES_AGGRESSIVE;
				CLANG_WARN_UNREACHABLE_CODE = YES;
				CLANG_WARN__DUPLICATE_METHOD_MATCH = YES;
				CODE_SIGN_IDENTITY = "iPhone Developer";
				COPY_PHASE_STRIP = NO;
				DEBUG_INFORMATION_FORMAT = "dwarf-with-dsym";
				ENABLE_NS_ASSERTIONS = NO;
				ENABLE_STRICT_OBJC_MSGSEND = YES;
				GCC_C_LANGUAGE_STANDARD = gnu11;
				GCC_NO_COMMON_BLOCKS = YES;
				GCC_WARN_64_TO_32_BIT_CONVERSION = YES;
				GCC_WARN_ABOUT_RETURN_TYPE = YES_ERROR;
				GCC_WARN_UNDECLARED_SELECTOR = YES;
				GCC_WARN_UNINITIALIZED_AUTOS = YES_AGGRESSIVE;
				GCC_WARN_UNUSED_FUNCTION = YES;
				GCC_WARN_UNUSED_VARIABLE = YES;
				IPHONEOS_DEPLOYMENT_TARGET = 11.2;
				MTL_ENABLE_DEBUG_INFO = NO;
				SDKROOT = iphoneos;
				SWIFT_OPTIMIZATION_LEVEL = "-Owholemodule";
				VALIDATE_PRODUCT = YES;
			};
			name = Release;
		};
		F30980931FDCCE76005C32CF /* Debug */ = {
			isa = XCBuildConfiguration;
			buildSettings = {
				ASSETCATALOG_COMPILER_APPICON_NAME = AppIcon;
				CODE_SIGN_STYLE = Automatic;
				DEVELOPMENT_TEAM = BN463B3322;
				INFOPLIST_FILE = SwiftAutoLayoutStoryboard/Info.plist;
				LD_RUNPATH_SEARCH_PATHS = "$(inherited) @executable_path/Frameworks";
				PRODUCT_BUNDLE_IDENTIFIER = com.example.hasebe.SwiftAutoLayoutStoryboard;
				PRODUCT_NAME = "$(TARGET_NAME)";
				SWIFT_VERSION = 4.0;
				TARGETED_DEVICE_FAMILY = "1,2";
			};
			name = Debug;
		};
		F30980941FDCCE76005C32CF /* Release */ = {
			isa = XCBuildConfiguration;
			buildSettings = {
				ASSETCATALOG_COMPILER_APPICON_NAME = AppIcon;
				CODE_SIGN_STYLE = Automatic;
				DEVELOPMENT_TEAM = BN463B3322;
				INFOPLIST_FILE = SwiftAutoLayoutStoryboard/Info.plist;
				LD_RUNPATH_SEARCH_PATHS = "$(inherited) @executable_path/Frameworks";
				PRODUCT_BUNDLE_IDENTIFIER = com.example.hasebe.SwiftAutoLayoutStoryboard;
				PRODUCT_NAME = "$(TARGET_NAME)";
				SWIFT_VERSION = 4.0;
				TARGETED_DEVICE_FAMILY = "1,2";
			};
			name = Release;
		};
/* End XCBuildConfiguration section */

/* Begin XCConfigurationList section */
		F309807B1FDCCE76005C32CF /* Build configuration list for PBXProject "SwiftAutoLayoutStoryboard" */ = {
			isa = XCConfigurationList;
			buildConfigurations = (
				F30980901FDCCE76005C32CF /* Debug */,
				F30980911FDCCE76005C32CF /* Release */,
			);
			defaultConfigurationIsVisible = 0;
			defaultConfigurationName = Release;
		};
		F30980921FDCCE76005C32CF /* Build configuration list for PBXNativeTarget "SwiftAutoLayoutStoryboard" */ = {
			isa = XCConfigurationList;
			buildConfigurations = (
				F30980931FDCCE76005C32CF /* Debug */,
				F30980941FDCCE76005C32CF /* Release */,
			);
			defaultConfigurationIsVisible = 0;
			defaultConfigurationName = Release;
		};
/* End XCConfigurationList section */
	};
	rootObject = F30980781FDCCE76005C32CF /* Project object */;
}
