// !$*UTF8*$!
{
	archiveVersion = 1;
	classes = {
	};
	objectVersion = 46;
	objects = {

/* Begin PBXBuildFile section */
		437D11B06DCFC4D1356F3D90 /* Pods_facebook_login.framework in Frameworks */ = {isa = PBXBuildFile; fileRef = 327456FED58D1CA0BF8E974C /* Pods_facebook_login.framework */; };
		F319FE6A1E9365CA00A59517 /* AppDelegate.swift in Sources */ = {isa = PBXBuildFile; fileRef = F319FE691E9365CA00A59517 /* AppDelegate.swift */; };
		F319FE6C1E9365CA00A59517 /* ViewController.swift in Sources */ = {isa = PBXBuildFile; fileRef = F319FE6B1E9365CA00A59517 /* ViewController.swift */; };
		F319FE6F1E9365CA00A59517 /* Main.storyboard in Resources */ = {isa = PBXBuildFile; fileRef = F319FE6D1E9365CA00A59517 /* Main.storyboard */; };
		F319FE711E9365CA00A59517 /* Assets.xcassets in Resources */ = {isa = PBXBuildFile; fileRef = F319FE701E9365CA00A59517 /* Assets.xcassets */; };
		F319FE741E9365CA00A59517 /* LaunchScreen.storyboard in Resources */ = {isa = PBXBuildFile; fileRef = F319FE721E9365CA00A59517 /* LaunchScreen.storyboard */; };
		F3489F321E936EC800443143 /* GoogleService-Info.plist in Resources */ = {isa = PBXBuildFile; fileRef = F3489F311E936EC800443143 /* GoogleService-Info.plist */; };
/* End PBXBuildFile section */

/* Begin PBXFileReference section */
		03722EC995CC8AFD3754EDE6 /* Pods-facebook-login.release.xcconfig */ = {isa = PBXFileReference; includeInIndex = 1; lastKnownFileType = text.xcconfig; name = "Pods-facebook-login.release.xcconfig"; path = "Pods/Target Support Files/Pods-facebook-login/Pods-facebook-login.release.xcconfig"; sourceTree = "<group>"; };
		327456FED58D1CA0BF8E974C /* Pods_facebook_login.framework */ = {isa = PBXFileReference; explicitFileType = wrapper.framework; includeInIndex = 0; path = Pods_facebook_login.framework; sourceTree = BUILT_PRODUCTS_DIR; };
		7BD129B55FE2B39AA1A1EEB5 /* Pods-facebook-login.debug.xcconfig */ = {isa = PBXFileReference; includeInIndex = 1; lastKnownFileType = text.xcconfig; name = "Pods-facebook-login.debug.xcconfig"; path = "Pods/Target Support Files/Pods-facebook-login/Pods-facebook-login.debug.xcconfig"; sourceTree = "<group>"; };
		F319FE661E9365CA00A59517 /* facebook-login.app */ = {isa = PBXFileReference; explicitFileType = wrapper.application; includeInIndex = 0; path = "facebook-login.app"; sourceTree = BUILT_PRODUCTS_DIR; };
		F319FE691E9365CA00A59517 /* AppDelegate.swift */ = {isa = PBXFileReference; lastKnownFileType = sourcecode.swift; path = AppDelegate.swift; sourceTree = "<group>"; };
		F319FE6B1E9365CA00A59517 /* ViewController.swift */ = {isa = PBXFileReference; lastKnownFileType = sourcecode.swift; path = ViewController.swift; sourceTree = "<group>"; };
		F319FE6E1E9365CA00A59517 /* Base */ = {isa = PBXFileReference; lastKnownFileType = file.storyboard; name = Base; path = Base.lproj/Main.storyboard; sourceTree = "<group>"; };
		F319FE701E9365CA00A59517 /* Assets.xcassets */ = {isa = PBXFileReference; lastKnownFileType = folder.assetcatalog; path = Assets.xcassets; sourceTree = "<group>"; };
		F319FE731E9365CA00A59517 /* Base */ = {isa = PBXFileReference; lastKnownFileType = file.storyboard; name = Base; path = Base.lproj/LaunchScreen.storyboard; sourceTree = "<group>"; };
		F319FE751E9365CA00A59517 /* Info.plist */ = {isa = PBXFileReference; lastKnownFileType = text.plist.xml; path = Info.plist; sourceTree = "<group>"; };
		F3489F311E936EC800443143 /* GoogleService-Info.plist */ = {isa = PBXFileReference; fileEncoding = 4; lastKnownFileType = text.plist.xml; path = "GoogleService-Info.plist"; sourceTree = "<group>"; };
/* End PBXFileReference section */

/* Begin PBXFrameworksBuildPhase section */
		F319FE631E9365CA00A59517 /* Frameworks */ = {
			isa = PBXFrameworksBuildPhase;
			buildActionMask = 2147483647;
			files = (
				437D11B06DCFC4D1356F3D90 /* Pods_facebook_login.framework in Frameworks */,
			);
			runOnlyForDeploymentPostprocessing = 0;
		};
/* End PBXFrameworksBuildPhase section */

/* Begin PBXGroup section */
		3672B3FC9B148F2839F78E9A /* Frameworks */ = {
			isa = PBXGroup;
			children = (
				327456FED58D1CA0BF8E974C /* Pods_facebook_login.framework */,
			);
			name = Frameworks;
			sourceTree = "<group>";
		};
		A6CB62E5961B27FF5C9F5AB8 /* Pods */ = {
			isa = PBXGroup;
			children = (
				7BD129B55FE2B39AA1A1EEB5 /* Pods-facebook-login.debug.xcconfig */,
				03722EC995CC8AFD3754EDE6 /* Pods-facebook-login.release.xcconfig */,
			);
			name = Pods;
			sourceTree = "<group>";
		};
		F319FE5D1E9365CA00A59517 = {
			isa = PBXGroup;
			children = (
				F319FE681E9365CA00A59517 /* facebook-login */,
				F319FE671E9365CA00A59517 /* Products */,
				A6CB62E5961B27FF5C9F5AB8 /* Pods */,
				3672B3FC9B148F2839F78E9A /* Frameworks */,
			);
			sourceTree = "<group>";
		};
		F319FE671E9365CA00A59517 /* Products */ = {
			isa = PBXGroup;
			children = (
				F319FE661E9365CA00A59517 /* facebook-login.app */,
			);
			name = Products;
			sourceTree = "<group>";
		};
		F319FE681E9365CA00A59517 /* facebook-login */ = {
			isa = PBXGroup;
			children = (
				F319FE691E9365CA00A59517 /* AppDelegate.swift */,
				F319FE6B1E9365CA00A59517 /* ViewController.swift */,
				F319FE6D1E9365CA00A59517 /* Main.storyboard */,
				F319FE701E9365CA00A59517 /* Assets.xcassets */,
				F319FE721E9365CA00A59517 /* LaunchScreen.storyboard */,
				F319FE751E9365CA00A59517 /* Info.plist */,
				F3489F311E936EC800443143 /* GoogleService-Info.plist */,
			);
			path = "facebook-login";
			sourceTree = "<group>";
		};
/* End PBXGroup section */

/* Begin PBXNativeTarget section */
		F319FE651E9365CA00A59517 /* facebook-login */ = {
			isa = PBXNativeTarget;
			buildConfigurationList = F319FE781E9365CA00A59517 /* Build configuration list for PBXNativeTarget "facebook-login" */;
			buildPhases = (
				42E0ECA39B82AA2133BCB0D9 /* [CP] Check Pods Manifest.lock */,
				F319FE621E9365CA00A59517 /* Sources */,
				F319FE631E9365CA00A59517 /* Frameworks */,
				F319FE641E9365CA00A59517 /* Resources */,
				49DB1F802C330752C9AE5734 /* [CP] Embed Pods Frameworks */,
				B9536668F92F24EEA3D10D53 /* [CP] Copy Pods Resources */,
			);
			buildRules = (
			);
			dependencies = (
			);
			name = "facebook-login";
			productName = "facebook-login";
			productReference = F319FE661E9365CA00A59517 /* facebook-login.app */;
			productType = "com.apple.product-type.application";
		};
/* End PBXNativeTarget section */

/* Begin PBXProject section */
		F319FE5E1E9365CA00A59517 /* Project object */ = {
			isa = PBXProject;
			attributes = {
				LastSwiftUpdateCheck = 0830;
				LastUpgradeCheck = 0830;
				ORGANIZATIONNAME = Takanori.H;
				TargetAttributes = {
					F319FE651E9365CA00A59517 = {
						CreatedOnToolsVersion = 8.3;
						DevelopmentTeam = BN463B3322;
						ProvisioningStyle = Automatic;
					};
				};
			};
			buildConfigurationList = F319FE611E9365CA00A59517 /* Build configuration list for PBXProject "facebook-login" */;
			compatibilityVersion = "Xcode 3.2";
			developmentRegion = English;
			hasScannedForEncodings = 0;
			knownRegions = (
				en,
				Base,
			);
			mainGroup = F319FE5D1E9365CA00A59517;
			productRefGroup = F319FE671E9365CA00A59517 /* Products */;
			projectDirPath = "";
			projectRoot = "";
			targets = (
				F319FE651E9365CA00A59517 /* facebook-login */,
			);
		};
/* End PBXProject section */

/* Begin PBXResourcesBuildPhase section */
		F319FE641E9365CA00A59517 /* Resources */ = {
			isa = PBXResourcesBuildPhase;
			buildActionMask = 2147483647;
			files = (
				F319FE741E9365CA00A59517 /* LaunchScreen.storyboard in Resources */,
				F319FE711E9365CA00A59517 /* Assets.xcassets in Resources */,
				F3489F321E936EC800443143 /* GoogleService-Info.plist in Resources */,
				F319FE6F1E9365CA00A59517 /* Main.storyboard in Resources */,
			);
			runOnlyForDeploymentPostprocessing = 0;
		};
/* End PBXResourcesBuildPhase section */

/* Begin PBXShellScriptBuildPhase section */
		42E0ECA39B82AA2133BCB0D9 /* [CP] Check Pods Manifest.lock */ = {
			isa = PBXShellScriptBuildPhase;
			buildActionMask = 2147483647;
			files = (
			);
			inputPaths = (
			);
			name = "[CP] Check Pods Manifest.lock";
			outputPaths = (
			);
			runOnlyForDeploymentPostprocessing = 0;
			shellPath = /bin/sh;
			shellScript = "diff \"${PODS_ROOT}/../Podfile.lock\" \"${PODS_ROOT}/Manifest.lock\" > /dev/null\nif [ $? != 0 ] ; then\n    # print error to STDERR\n    echo \"error: The sandbox is not in sync with the Podfile.lock. Run 'pod install' or update your CocoaPods installation.\" >&2\n    exit 1\nfi\n";
			showEnvVarsInLog = 0;
		};
		49DB1F802C330752C9AE5734 /* [CP] Embed Pods Frameworks */ = {
			isa = PBXShellScriptBuildPhase;
			buildActionMask = 2147483647;
			files = (
			);
			inputPaths = (
			);
			name = "[CP] Embed Pods Frameworks";
			outputPaths = (
			);
			runOnlyForDeploymentPostprocessing = 0;
			shellPath = /bin/sh;
			shellScript = "\"${SRCROOT}/Pods/Target Support Files/Pods-facebook-login/Pods-facebook-login-frameworks.sh\"\n";
			showEnvVarsInLog = 0;
		};
		B9536668F92F24EEA3D10D53 /* [CP] Copy Pods Resources */ = {
			isa = PBXShellScriptBuildPhase;
			buildActionMask = 2147483647;
			files = (
			);
			inputPaths = (
			);
			name = "[CP] Copy Pods Resources";
			outputPaths = (
			);
			runOnlyForDeploymentPostprocessing = 0;
			shellPath = /bin/sh;
			shellScript = "\"${SRCROOT}/Pods/Target Support Files/Pods-facebook-login/Pods-facebook-login-resources.sh\"\n";
			showEnvVarsInLog = 0;
		};
/* End PBXShellScriptBuildPhase section */

/* Begin PBXSourcesBuildPhase section */
		F319FE621E9365CA00A59517 /* Sources */ = {
			isa = PBXSourcesBuildPhase;
			buildActionMask = 2147483647;
			files = (
				F319FE6C1E9365CA00A59517 /* ViewController.swift in Sources */,
				F319FE6A1E9365CA00A59517 /* AppDelegate.swift in Sources */,
			);
			runOnlyForDeploymentPostprocessing = 0;
		};
/* End PBXSourcesBuildPhase section */

/* Begin PBXVariantGroup section */
		F319FE6D1E9365CA00A59517 /* Main.storyboard */ = {
			isa = PBXVariantGroup;
			children = (
				F319FE6E1E9365CA00A59517 /* Base */,
			);
			name = Main.storyboard;
			sourceTree = "<group>";
		};
		F319FE721E9365CA00A59517 /* LaunchScreen.storyboard */ = {
			isa = PBXVariantGroup;
			children = (
				F319FE731E9365CA00A59517 /* Base */,
			);
			name = LaunchScreen.storyboard;
			sourceTree = "<group>";
		};
/* End PBXVariantGroup section */

/* Begin XCBuildConfiguration section */
		F319FE761E9365CA00A59517 /* Debug */ = {
			isa = XCBuildConfiguration;
			buildSettings = {
				ALWAYS_SEARCH_USER_PATHS = NO;
				CLANG_ANALYZER_NONNULL = YES;
				CLANG_ANALYZER_NUMBER_OBJECT_CONVERSION = YES_AGGRESSIVE;
				CLANG_CXX_LANGUAGE_STANDARD = "gnu++0x";
				CLANG_CXX_LIBRARY = "libc++";
				CLANG_ENABLE_MODULES = YES;
				CLANG_ENABLE_OBJC_ARC = YES;
				CLANG_WARN_BOOL_CONVERSION = YES;
				CLANG_WARN_CONSTANT_CONVERSION = YES;
				CLANG_WARN_DIRECT_OBJC_ISA_USAGE = YES_ERROR;
				CLANG_WARN_DOCUMENTATION_COMMENTS = YES;
				CLANG_WARN_EMPTY_BODY = YES;
				CLANG_WARN_ENUM_CONVERSION = YES;
				CLANG_WARN_INFINITE_RECURSION = YES;
				CLANG_WARN_INT_CONVERSION = YES;
				CLANG_WARN_OBJC_ROOT_CLASS = YES_ERROR;
				CLANG_WARN_SUSPICIOUS_MOVE = YES;
				CLANG_WARN_UNREACHABLE_CODE = YES;
				CLANG_WARN__DUPLICATE_METHOD_MATCH = YES;
				"CODE_SIGN_IDENTITY[sdk=iphoneos*]" = "iPhone Developer";
				COPY_PHASE_STRIP = NO;
				DEBUG_INFORMATION_FORMAT = dwarf;
				ENABLE_STRICT_OBJC_MSGSEND = YES;
				ENABLE_TESTABILITY = YES;
				GCC_C_LANGUAGE_STANDARD = gnu99;
				GCC_DYNAMIC_NO_PIC = NO;
				GCC_NO_COMMON_BLOCKS = YES;
				GCC_OPTIMIZATION_LEVEL = 0;
				GCC_PREPROCESSOR_DEFINITIONS = (
					"DEBUG=1",
					"$(inherited)",
				);
				GCC_WARN_64_TO_32_BIT_CONVERSION = YES;
				GCC_WARN_ABOUT_RETURN_TYPE = YES_ERROR;
				GCC_WARN_UNDECLARED_SELECTOR = YES;
				GCC_WARN_UNINITIALIZED_AUTOS = YES_AGGRESSIVE;
				GCC_WARN_UNUSED_FUNCTION = YES;
				GCC_WARN_UNUSED_VARIABLE = YES;
				IPHONEOS_DEPLOYMENT_TARGET = 10.3;
				MTL_ENABLE_DEBUG_INFO = YES;
				ONLY_ACTIVE_ARCH = YES;
				SDKROOT = iphoneos;
				SWIFT_ACTIVE_COMPILATION_CONDITIONS = DEBUG;
				SWIFT_OPTIMIZATION_LEVEL = "-Onone";
			};
			name = Debug;
		};
		F319FE771E9365CA00A59517 /* Release */ = {
			isa = XCBuildConfiguration;
			buildSettings = {
				ALWAYS_SEARCH_USER_PATHS = NO;
				CLANG_ANALYZER_NONNULL = YES;
				CLANG_ANALYZER_NUMBER_OBJECT_CONVERSION = YES_AGGRESSIVE;
				CLANG_CXX_LANGUAGE_STANDARD = "gnu++0x";
				CLANG_CXX_LIBRARY = "libc++";
				CLANG_ENABLE_MODULES = YES;
				CLANG_ENABLE_OBJC_ARC = YES;
				CLANG_WARN_BOOL_CONVERSION = YES;
				CLANG_WARN_CONSTANT_CONVERSION = YES;
				CLANG_WARN_DIRECT_OBJC_ISA_USAGE = YES_ERROR;
				CLANG_WARN_DOCUMENTATION_COMMENTS = YES;
				CLANG_WARN_EMPTY_BODY = YES;
				CLANG_WARN_ENUM_CONVERSION = YES;
				CLANG_WARN_INFINITE_RECURSION = YES;
				CLANG_WARN_INT_CONVERSION = YES;
				CLANG_WARN_OBJC_ROOT_CLASS = YES_ERROR;
				CLANG_WARN_SUSPICIOUS_MOVE = YES;
				CLANG_WARN_UNREACHABLE_CODE = YES;
				CLANG_WARN__DUPLICATE_METHOD_MATCH = YES;
				"CODE_SIGN_IDENTITY[sdk=iphoneos*]" = "iPhone Developer";
				COPY_PHASE_STRIP = NO;
				DEBUG_INFORMATION_FORMAT = "dwarf-with-dsym";
				ENABLE_NS_ASSERTIONS = NO;
				ENABLE_STRICT_OBJC_MSGSEND = YES;
				GCC_C_LANGUAGE_STANDARD = gnu99;
				GCC_NO_COMMON_BLOCKS = YES;
				GCC_WARN_64_TO_32_BIT_CONVERSION = YES;
				GCC_WARN_ABOUT_RETURN_TYPE = YES_ERROR;
				GCC_WARN_UNDECLARED_SELECTOR = YES;
				GCC_WARN_UNINITIALIZED_AUTOS = YES_AGGRESSIVE;
				GCC_WARN_UNUSED_FUNCTION = YES;
				GCC_WARN_UNUSED_VARIABLE = YES;
				IPHONEOS_DEPLOYMENT_TARGET = 10.3;
				MTL_ENABLE_DEBUG_INFO = NO;
				SDKROOT = iphoneos;
				SWIFT_OPTIMIZATION_LEVEL = "-Owholemodule";
				VALIDATE_PRODUCT = YES;
			};
			name = Release;
		};
		F319FE791E9365CA00A59517 /* Debug */ = {
			isa = XCBuildConfiguration;
			baseConfigurationReference = 7BD129B55FE2B39AA1A1EEB5 /* Pods-facebook-login.debug.xcconfig */;
			buildSettings = {
				ASSETCATALOG_COMPILER_APPICON_NAME = AppIcon;
				DEVELOPMENT_TEAM = BN463B3322;
				INFOPLIST_FILE = "facebook-login/Info.plist";
				LD_RUNPATH_SEARCH_PATHS = "$(inherited) @executable_path/Frameworks";
				PRODUCT_BUNDLE_IDENTIFIER = "com.example.hasebe.facebook-login";
				PRODUCT_NAME = "$(TARGET_NAME)";
				SWIFT_VERSION = 3.0;
			};
			name = Debug;
		};
		F319FE7A1E9365CA00A59517 /* Release */ = {
			isa = XCBuildConfiguration;
			baseConfigurationReference = 03722EC995CC8AFD3754EDE6 /* Pods-facebook-login.release.xcconfig */;
			buildSettings = {
				ASSETCATALOG_COMPILER_APPICON_NAME = AppIcon;
				DEVELOPMENT_TEAM = BN463B3322;
				INFOPLIST_FILE = "facebook-login/Info.plist";
				LD_RUNPATH_SEARCH_PATHS = "$(inherited) @executable_path/Frameworks";
				PRODUCT_BUNDLE_IDENTIFIER = "com.example.hasebe.facebook-login";
				PRODUCT_NAME = "$(TARGET_NAME)";
				SWIFT_VERSION = 3.0;
			};
			name = Release;
		};
/* End XCBuildConfiguration section */

/* Begin XCConfigurationList section */
		F319FE611E9365CA00A59517 /* Build configuration list for PBXProject "facebook-login" */ = {
			isa = XCConfigurationList;
			buildConfigurations = (
				F319FE761E9365CA00A59517 /* Debug */,
				F319FE771E9365CA00A59517 /* Release */,
			);
			defaultConfigurationIsVisible = 0;
			defaultConfigurationName = Release;
		};
		F319FE781E9365CA00A59517 /* Build configuration list for PBXNativeTarget "facebook-login" */ = {
			isa = XCConfigurationList;
			buildConfigurations = (
				F319FE791E9365CA00A59517 /* Debug */,
				F319FE7A1E9365CA00A59517 /* Release */,
			);
			defaultConfigurationIsVisible = 0;
			defaultConfigurationName = Release;
		};
/* End XCConfigurationList section */
	};
	rootObject = F319FE5E1E9365CA00A59517 /* Project object */;
}
