// !$*UTF8*$!
{
	archiveVersion = 1;
	classes = {
	};
	objectVersion = 46;
	objects = {

/* Begin PBXBuildFile section */
		F354EEB51EDA96C50083B14A /* AppDelegate.swift in Sources */ = {isa = PBXBuildFile; fileRef = F354EEB41EDA96C50083B14A /* AppDelegate.swift */; };
		F354EEB71EDA96C50083B14A /* ViewController.swift in Sources */ = {isa = PBXBuildFile; fileRef = F354EEB61EDA96C50083B14A /* ViewController.swift */; };
		F354EEBA1EDA96C50083B14A /* Main.storyboard in Resources */ = {isa = PBXBuildFile; fileRef = F354EEB81EDA96C50083B14A /* Main.storyboard */; };
		F354EEBC1EDA96C50083B14A /* Assets.xcassets in Resources */ = {isa = PBXBuildFile; fileRef = F354EEBB1EDA96C50083B14A /* Assets.xcassets */; };
		F354EEBF1EDA96C50083B14A /* LaunchScreen.storyboard in Resources */ = {isa = PBXBuildFile; fileRef = F354EEBD1EDA96C50083B14A /* LaunchScreen.storyboard */; };
/* End PBXBuildFile section */

/* Begin PBXFileReference section */
		F354EEB11EDA96C50083B14A /* SwiftTapPointGet.app */ = {isa = PBXFileReference; explicitFileType = wrapper.application; includeInIndex = 0; path = SwiftTapPointGet.app; sourceTree = BUILT_PRODUCTS_DIR; };
		F354EEB41EDA96C50083B14A /* AppDelegate.swift */ = {isa = PBXFileReference; lastKnownFileType = sourcecode.swift; path = AppDelegate.swift; sourceTree = "<group>"; };
		F354EEB61EDA96C50083B14A /* ViewController.swift */ = {isa = PBXFileReference; lastKnownFileType = sourcecode.swift; path = ViewController.swift; sourceTree = "<group>"; };
		F354EEB91EDA96C50083B14A /* Base */ = {isa = PBXFileReference; lastKnownFileType = file.storyboard; name = Base; path = Base.lproj/Main.storyboard; sourceTree = "<group>"; };
		F354EEBB1EDA96C50083B14A /* Assets.xcassets */ = {isa = PBXFileReference; lastKnownFileType = folder.assetcatalog; path = Assets.xcassets; sourceTree = "<group>"; };
		F354EEBE1EDA96C50083B14A /* Base */ = {isa = PBXFileReference; lastKnownFileType = file.storyboard; name = Base; path = Base.lproj/LaunchScreen.storyboard; sourceTree = "<group>"; };
		F354EEC01EDA96C50083B14A /* Info.plist */ = {isa = PBXFileReference; lastKnownFileType = text.plist.xml; path = Info.plist; sourceTree = "<group>"; };
/* End PBXFileReference section */

/* Begin PBXFrameworksBuildPhase section */
		F354EEAE1EDA96C50083B14A /* Frameworks */ = {
			isa = PBXFrameworksBuildPhase;
			buildActionMask = 2147483647;
			files = (
			);
			runOnlyForDeploymentPostprocessing = 0;
		};
/* End PBXFrameworksBuildPhase section */

/* Begin PBXGroup section */
		F354EEA81EDA96C50083B14A = {
			isa = PBXGroup;
			children = (
				F354EEB31EDA96C50083B14A /* SwiftTapPointGet */,
				F354EEB21EDA96C50083B14A /* Products */,
			);
			sourceTree = "<group>";
		};
		F354EEB21EDA96C50083B14A /* Products */ = {
			isa = PBXGroup;
			children = (
				F354EEB11EDA96C50083B14A /* SwiftTapPointGet.app */,
			);
			name = Products;
			sourceTree = "<group>";
		};
		F354EEB31EDA96C50083B14A /* SwiftTapPointGet */ = {
			isa = PBXGroup;
			children = (
				F354EEB41EDA96C50083B14A /* AppDelegate.swift */,
				F354EEB61EDA96C50083B14A /* ViewController.swift */,
				F354EEB81EDA96C50083B14A /* Main.storyboard */,
				F354EEBB1EDA96C50083B14A /* Assets.xcassets */,
				F354EEBD1EDA96C50083B14A /* LaunchScreen.storyboard */,
				F354EEC01EDA96C50083B14A /* Info.plist */,
			);
			path = SwiftTapPointGet;
			sourceTree = "<group>";
		};
/* End PBXGroup section */

/* Begin PBXNativeTarget section */
		F354EEB01EDA96C50083B14A /* SwiftTapPointGet */ = {
			isa = PBXNativeTarget;
			buildConfigurationList = F354EEC31EDA96C50083B14A /* Build configuration list for PBXNativeTarget "SwiftTapPointGet" */;
			buildPhases = (
				F354EEAD1EDA96C50083B14A /* Sources */,
				F354EEAE1EDA96C50083B14A /* Frameworks */,
				F354EEAF1EDA96C50083B14A /* Resources */,
			);
			buildRules = (
			);
			dependencies = (
			);
			name = SwiftTapPointGet;
			productName = SwiftTapPointGet;
			productReference = F354EEB11EDA96C50083B14A /* SwiftTapPointGet.app */;
			productType = "com.apple.product-type.application";
		};
/* End PBXNativeTarget section */

/* Begin PBXProject section */
		F354EEA91EDA96C50083B14A /* Project object */ = {
			isa = PBXProject;
			attributes = {
				LastSwiftUpdateCheck = 0830;
				LastUpgradeCheck = 0830;
				ORGANIZATIONNAME = Takanori.H;
				TargetAttributes = {
					F354EEB01EDA96C50083B14A = {
						CreatedOnToolsVersion = 8.3.2;
						DevelopmentTeam = BN463B3322;
						ProvisioningStyle = Automatic;
					};
				};
			};
			buildConfigurationList = F354EEAC1EDA96C50083B14A /* Build configuration list for PBXProject "SwiftTapPointGet" */;
			compatibilityVersion = "Xcode 3.2";
			developmentRegion = English;
			hasScannedForEncodings = 0;
			knownRegions = (
				en,
				Base,
			);
			mainGroup = F354EEA81EDA96C50083B14A;
			productRefGroup = F354EEB21EDA96C50083B14A /* Products */;
			projectDirPath = "";
			projectRoot = "";
			targets = (
				F354EEB01EDA96C50083B14A /* SwiftTapPointGet */,
			);
		};
/* End PBXProject section */

/* Begin PBXResourcesBuildPhase section */
		F354EEAF1EDA96C50083B14A /* Resources */ = {
			isa = PBXResourcesBuildPhase;
			buildActionMask = 2147483647;
			files = (
				F354EEBF1EDA96C50083B14A /* LaunchScreen.storyboard in Resources */,
				F354EEBC1EDA96C50083B14A /* Assets.xcassets in Resources */,
				F354EEBA1EDA96C50083B14A /* Main.storyboard in Resources */,
			);
			runOnlyForDeploymentPostprocessing = 0;
		};
/* End PBXResourcesBuildPhase section */

/* Begin PBXSourcesBuildPhase section */
		F354EEAD1EDA96C50083B14A /* Sources */ = {
			isa = PBXSourcesBuildPhase;
			buildActionMask = 2147483647;
			files = (
				F354EEB71EDA96C50083B14A /* ViewController.swift in Sources */,
				F354EEB51EDA96C50083B14A /* AppDelegate.swift in Sources */,
			);
			runOnlyForDeploymentPostprocessing = 0;
		};
/* End PBXSourcesBuildPhase section */

/* Begin PBXVariantGroup section */
		F354EEB81EDA96C50083B14A /* Main.storyboard */ = {
			isa = PBXVariantGroup;
			children = (
				F354EEB91EDA96C50083B14A /* Base */,
			);
			name = Main.storyboard;
			sourceTree = "<group>";
		};
		F354EEBD1EDA96C50083B14A /* LaunchScreen.storyboard */ = {
			isa = PBXVariantGroup;
			children = (
				F354EEBE1EDA96C50083B14A /* Base */,
			);
			name = LaunchScreen.storyboard;
			sourceTree = "<group>";
		};
/* End PBXVariantGroup section */

/* Begin XCBuildConfiguration section */
		F354EEC11EDA96C50083B14A /* Debug */ = {
			isa = XCBuildConfiguration;
			buildSettings = {
				ALWAYS_SEARCH_USER_PATHS = NO;
				CLANG_ANALYZER_NONNULL = YES;
				CLANG_ANALYZER_NUMBER_OBJECT_CONVERSION = YES_AGGRESSIVE;
				CLANG_CXX_LANGUAGE_STANDARD = "gnu++0x";
				CLANG_CXX_LIBRARY = "libc++";
				CLANG_ENABLE_MODULES = YES;
				CLANG_ENABLE_OBJC_ARC = YES;
				CLANG_WARN_BOOL_CONVERSION = YES;
				CLANG_WARN_CONSTANT_CONVERSION = YES;
				CLANG_WARN_DIRECT_OBJC_ISA_USAGE = YES_ERROR;
				CLANG_WARN_DOCUMENTATION_COMMENTS = YES;
				CLANG_WARN_EMPTY_BODY = YES;
				CLANG_WARN_ENUM_CONVERSION = YES;
				CLANG_WARN_INFINITE_RECURSION = YES;
				CLANG_WARN_INT_CONVERSION = YES;
				CLANG_WARN_OBJC_ROOT_CLASS = YES_ERROR;
				CLANG_WARN_SUSPICIOUS_MOVE = YES;
				CLANG_WARN_UNREACHABLE_CODE = YES;
				CLANG_WARN__DUPLICATE_METHOD_MATCH = YES;
				"CODE_SIGN_IDENTITY[sdk=iphoneos*]" = "iPhone Developer";
				COPY_PHASE_STRIP = NO;
				DEBUG_INFORMATION_FORMAT = dwarf;
				ENABLE_STRICT_OBJC_MSGSEND = YES;
				ENABLE_TESTABILITY = YES;
				GCC_C_LANGUAGE_STANDARD = gnu99;
				GCC_DYNAMIC_NO_PIC = NO;
				GCC_NO_COMMON_BLOCKS = YES;
				GCC_OPTIMIZATION_LEVEL = 0;
				GCC_PREPROCESSOR_DEFINITIONS = (
					"DEBUG=1",
					"$(inherited)",
				);
				GCC_WARN_64_TO_32_BIT_CONVERSION = YES;
				GCC_WARN_ABOUT_RETURN_TYPE = YES_ERROR;
				GCC_WARN_UNDECLARED_SELECTOR = YES;
				GCC_WARN_UNINITIALIZED_AUTOS = YES_AGGRESSIVE;
				GCC_WARN_UNUSED_FUNCTION = YES;
				GCC_WARN_UNUSED_VARIABLE = YES;
				IPHONEOS_DEPLOYMENT_TARGET = 10.3;
				MTL_ENABLE_DEBUG_INFO = YES;
				ONLY_ACTIVE_ARCH = YES;
				SDKROOT = iphoneos;
				SWIFT_ACTIVE_COMPILATION_CONDITIONS = DEBUG;
				SWIFT_OPTIMIZATION_LEVEL = "-Onone";
			};
			name = Debug;
		};
		F354EEC21EDA96C50083B14A /* Release */ = {
			isa = XCBuildConfiguration;
			buildSettings = {
				ALWAYS_SEARCH_USER_PATHS = NO;
				CLANG_ANALYZER_NONNULL = YES;
				CLANG_ANALYZER_NUMBER_OBJECT_CONVERSION = YES_AGGRESSIVE;
				CLANG_CXX_LANGUAGE_STANDARD = "gnu++0x";
				CLANG_CXX_LIBRARY = "libc++";
				CLANG_ENABLE_MODULES = YES;
				CLANG_ENABLE_OBJC_ARC = YES;
				CLANG_WARN_BOOL_CONVERSION = YES;
				CLANG_WARN_CONSTANT_CONVERSION = YES;
				CLANG_WARN_DIRECT_OBJC_ISA_USAGE = YES_ERROR;
				CLANG_WARN_DOCUMENTATION_COMMENTS = YES;
				CLANG_WARN_EMPTY_BODY = YES;
				CLANG_WARN_ENUM_CONVERSION = YES;
				CLANG_WARN_INFINITE_RECURSION = YES;
				CLANG_WARN_INT_CONVERSION = YES;
				CLANG_WARN_OBJC_ROOT_CLASS = YES_ERROR;
				CLANG_WARN_SUSPICIOUS_MOVE = YES;
				CLANG_WARN_UNREACHABLE_CODE = YES;
				CLANG_WARN__DUPLICATE_METHOD_MATCH = YES;
				"CODE_SIGN_IDENTITY[sdk=iphoneos*]" = "iPhone Developer";
				COPY_PHASE_STRIP = NO;
				DEBUG_INFORMATION_FORMAT = "dwarf-with-dsym";
				ENABLE_NS_ASSERTIONS = NO;
				ENABLE_STRICT_OBJC_MSGSEND = YES;
				GCC_C_LANGUAGE_STANDARD = gnu99;
				GCC_NO_COMMON_BLOCKS = YES;
				GCC_WARN_64_TO_32_BIT_CONVERSION = YES;
				GCC_WARN_ABOUT_RETURN_TYPE = YES_ERROR;
				GCC_WARN_UNDECLARED_SELECTOR = YES;
				GCC_WARN_UNINITIALIZED_AUTOS = YES_AGGRESSIVE;
				GCC_WARN_UNUSED_FUNCTION = YES;
				GCC_WARN_UNUSED_VARIABLE = YES;
				IPHONEOS_DEPLOYMENT_TARGET = 10.3;
				MTL_ENABLE_DEBUG_INFO = NO;
				SDKROOT = iphoneos;
				SWIFT_OPTIMIZATION_LEVEL = "-Owholemodule";
				VALIDATE_PRODUCT = YES;
			};
			name = Release;
		};
		F354EEC41EDA96C50083B14A /* Debug */ = {
			isa = XCBuildConfiguration;
			buildSettings = {
				ASSETCATALOG_COMPILER_APPICON_NAME = AppIcon;
				DEVELOPMENT_TEAM = BN463B3322;
				INFOPLIST_FILE = SwiftTapPointGet/Info.plist;
				LD_RUNPATH_SEARCH_PATHS = "$(inherited) @executable_path/Frameworks";
				PRODUCT_BUNDLE_IDENTIFIER = com.example.hasebe.SwiftTapPointGet;
				PRODUCT_NAME = "$(TARGET_NAME)";
				SWIFT_VERSION = 3.0;
			};
			name = Debug;
		};
		F354EEC51EDA96C50083B14A /* Release */ = {
			isa = XCBuildConfiguration;
			buildSettings = {
				ASSETCATALOG_COMPILER_APPICON_NAME = AppIcon;
				DEVELOPMENT_TEAM = BN463B3322;
				INFOPLIST_FILE = SwiftTapPointGet/Info.plist;
				LD_RUNPATH_SEARCH_PATHS = "$(inherited) @executable_path/Frameworks";
				PRODUCT_BUNDLE_IDENTIFIER = com.example.hasebe.SwiftTapPointGet;
				PRODUCT_NAME = "$(TARGET_NAME)";
				SWIFT_VERSION = 3.0;
			};
			name = Release;
		};
/* End XCBuildConfiguration section */

/* Begin XCConfigurationList section */
		F354EEAC1EDA96C50083B14A /* Build configuration list for PBXProject "SwiftTapPointGet" */ = {
			isa = XCConfigurationList;
			buildConfigurations = (
				F354EEC11EDA96C50083B14A /* Debug */,
				F354EEC21EDA96C50083B14A /* Release */,
			);
			defaultConfigurationIsVisible = 0;
			defaultConfigurationName = Release;
		};
		F354EEC31EDA96C50083B14A /* Build configuration list for PBXNativeTarget "SwiftTapPointGet" */ = {
			isa = XCConfigurationList;
			buildConfigurations = (
				F354EEC41EDA96C50083B14A /* Debug */,
				F354EEC51EDA96C50083B14A /* Release */,
			);
			defaultConfigurationIsVisible = 0;
		};
/* End XCConfigurationList section */
	};
	rootObject = F354EEA91EDA96C50083B14A /* Project object */;
}
