// !$*UTF8*$!
{
	archiveVersion = 1;
	classes = {
	};
	objectVersion = 46;
	objects = {

/* Begin PBXBuildFile section */
		F3C715261ED6B5C300337C5B /* AppDelegate.swift in Sources */ = {isa = PBXBuildFile; fileRef = F3C715251ED6B5C300337C5B /* AppDelegate.swift */; };
		F3C715281ED6B5C300337C5B /* ViewController.swift in Sources */ = {isa = PBXBuildFile; fileRef = F3C715271ED6B5C300337C5B /* ViewController.swift */; };
		F3C7152B1ED6B5C300337C5B /* Main.storyboard in Resources */ = {isa = PBXBuildFile; fileRef = F3C715291ED6B5C300337C5B /* Main.storyboard */; };
		F3C7152D1ED6B5C300337C5B /* Assets.xcassets in Resources */ = {isa = PBXBuildFile; fileRef = F3C7152C1ED6B5C300337C5B /* Assets.xcassets */; };
		F3C715301ED6B5C300337C5B /* LaunchScreen.storyboard in Resources */ = {isa = PBXBuildFile; fileRef = F3C7152E1ED6B5C300337C5B /* LaunchScreen.storyboard */; };
/* End PBXBuildFile section */

/* Begin PBXFileReference section */
		F3C715221ED6B5C300337C5B /* LongTapPressMotion.app */ = {isa = PBXFileReference; explicitFileType = wrapper.application; includeInIndex = 0; path = LongTapPressMotion.app; sourceTree = BUILT_PRODUCTS_DIR; };
		F3C715251ED6B5C300337C5B /* AppDelegate.swift */ = {isa = PBXFileReference; lastKnownFileType = sourcecode.swift; path = AppDelegate.swift; sourceTree = "<group>"; };
		F3C715271ED6B5C300337C5B /* ViewController.swift */ = {isa = PBXFileReference; lastKnownFileType = sourcecode.swift; path = ViewController.swift; sourceTree = "<group>"; };
		F3C7152A1ED6B5C300337C5B /* Base */ = {isa = PBXFileReference; lastKnownFileType = file.storyboard; name = Base; path = Base.lproj/Main.storyboard; sourceTree = "<group>"; };
		F3C7152C1ED6B5C300337C5B /* Assets.xcassets */ = {isa = PBXFileReference; lastKnownFileType = folder.assetcatalog; path = Assets.xcassets; sourceTree = "<group>"; };
		F3C7152F1ED6B5C300337C5B /* Base */ = {isa = PBXFileReference; lastKnownFileType = file.storyboard; name = Base; path = Base.lproj/LaunchScreen.storyboard; sourceTree = "<group>"; };
		F3C715311ED6B5C300337C5B /* Info.plist */ = {isa = PBXFileReference; lastKnownFileType = text.plist.xml; path = Info.plist; sourceTree = "<group>"; };
/* End PBXFileReference section */

/* Begin PBXFrameworksBuildPhase section */
		F3C7151F1ED6B5C300337C5B /* Frameworks */ = {
			isa = PBXFrameworksBuildPhase;
			buildActionMask = 2147483647;
			files = (
			);
			runOnlyForDeploymentPostprocessing = 0;
		};
/* End PBXFrameworksBuildPhase section */

/* Begin PBXGroup section */
		F3C715191ED6B5C300337C5B = {
			isa = PBXGroup;
			children = (
				F3C715241ED6B5C300337C5B /* LongTapPressMotion */,
				F3C715231ED6B5C300337C5B /* Products */,
			);
			sourceTree = "<group>";
		};
		F3C715231ED6B5C300337C5B /* Products */ = {
			isa = PBXGroup;
			children = (
				F3C715221ED6B5C300337C5B /* LongTapPressMotion.app */,
			);
			name = Products;
			sourceTree = "<group>";
		};
		F3C715241ED6B5C300337C5B /* LongTapPressMotion */ = {
			isa = PBXGroup;
			children = (
				F3C715251ED6B5C300337C5B /* AppDelegate.swift */,
				F3C715271ED6B5C300337C5B /* ViewController.swift */,
				F3C715291ED6B5C300337C5B /* Main.storyboard */,
				F3C7152C1ED6B5C300337C5B /* Assets.xcassets */,
				F3C7152E1ED6B5C300337C5B /* LaunchScreen.storyboard */,
				F3C715311ED6B5C300337C5B /* Info.plist */,
			);
			path = LongTapPressMotion;
			sourceTree = "<group>";
		};
/* End PBXGroup section */

/* Begin PBXNativeTarget section */
		F3C715211ED6B5C300337C5B /* LongTapPressMotion */ = {
			isa = PBXNativeTarget;
			buildConfigurationList = F3C715341ED6B5C300337C5B /* Build configuration list for PBXNativeTarget "LongTapPressMotion" */;
			buildPhases = (
				F3C7151E1ED6B5C300337C5B /* Sources */,
				F3C7151F1ED6B5C300337C5B /* Frameworks */,
				F3C715201ED6B5C300337C5B /* Resources */,
			);
			buildRules = (
			);
			dependencies = (
			);
			name = LongTapPressMotion;
			productName = LongTapPressMotion;
			productReference = F3C715221ED6B5C300337C5B /* LongTapPressMotion.app */;
			productType = "com.apple.product-type.application";
		};
/* End PBXNativeTarget section */

/* Begin PBXProject section */
		F3C7151A1ED6B5C300337C5B /* Project object */ = {
			isa = PBXProject;
			attributes = {
				LastSwiftUpdateCheck = 0830;
				LastUpgradeCheck = 0830;
				ORGANIZATIONNAME = Takanori.H;
				TargetAttributes = {
					F3C715211ED6B5C300337C5B = {
						CreatedOnToolsVersion = 8.3.2;
						DevelopmentTeam = BN463B3322;
						ProvisioningStyle = Automatic;
					};
				};
			};
			buildConfigurationList = F3C7151D1ED6B5C300337C5B /* Build configuration list for PBXProject "LongTapPressMotion" */;
			compatibilityVersion = "Xcode 3.2";
			developmentRegion = English;
			hasScannedForEncodings = 0;
			knownRegions = (
				en,
				Base,
			);
			mainGroup = F3C715191ED6B5C300337C5B;
			productRefGroup = F3C715231ED6B5C300337C5B /* Products */;
			projectDirPath = "";
			projectRoot = "";
			targets = (
				F3C715211ED6B5C300337C5B /* LongTapPressMotion */,
			);
		};
/* End PBXProject section */

/* Begin PBXResourcesBuildPhase section */
		F3C715201ED6B5C300337C5B /* Resources */ = {
			isa = PBXResourcesBuildPhase;
			buildActionMask = 2147483647;
			files = (
				F3C715301ED6B5C300337C5B /* LaunchScreen.storyboard in Resources */,
				F3C7152D1ED6B5C300337C5B /* Assets.xcassets in Resources */,
				F3C7152B1ED6B5C300337C5B /* Main.storyboard in Resources */,
			);
			runOnlyForDeploymentPostprocessing = 0;
		};
/* End PBXResourcesBuildPhase section */

/* Begin PBXSourcesBuildPhase section */
		F3C7151E1ED6B5C300337C5B /* Sources */ = {
			isa = PBXSourcesBuildPhase;
			buildActionMask = 2147483647;
			files = (
				F3C715281ED6B5C300337C5B /* ViewController.swift in Sources */,
				F3C715261ED6B5C300337C5B /* AppDelegate.swift in Sources */,
			);
			runOnlyForDeploymentPostprocessing = 0;
		};
/* End PBXSourcesBuildPhase section */

/* Begin PBXVariantGroup section */
		F3C715291ED6B5C300337C5B /* Main.storyboard */ = {
			isa = PBXVariantGroup;
			children = (
				F3C7152A1ED6B5C300337C5B /* Base */,
			);
			name = Main.storyboard;
			sourceTree = "<group>";
		};
		F3C7152E1ED6B5C300337C5B /* LaunchScreen.storyboard */ = {
			isa = PBXVariantGroup;
			children = (
				F3C7152F1ED6B5C300337C5B /* Base */,
			);
			name = LaunchScreen.storyboard;
			sourceTree = "<group>";
		};
/* End PBXVariantGroup section */

/* Begin XCBuildConfiguration section */
		F3C715321ED6B5C300337C5B /* Debug */ = {
			isa = XCBuildConfiguration;
			buildSettings = {
				ALWAYS_SEARCH_USER_PATHS = NO;
				CLANG_ANALYZER_NONNULL = YES;
				CLANG_ANALYZER_NUMBER_OBJECT_CONVERSION = YES_AGGRESSIVE;
				CLANG_CXX_LANGUAGE_STANDARD = "gnu++0x";
				CLANG_CXX_LIBRARY = "libc++";
				CLANG_ENABLE_MODULES = YES;
				CLANG_ENABLE_OBJC_ARC = YES;
				CLANG_WARN_BOOL_CONVERSION = YES;
				CLANG_WARN_CONSTANT_CONVERSION = YES;
				CLANG_WARN_DIRECT_OBJC_ISA_USAGE = YES_ERROR;
				CLANG_WARN_DOCUMENTATION_COMMENTS = YES;
				CLANG_WARN_EMPTY_BODY = YES;
				CLANG_WARN_ENUM_CONVERSION = YES;
				CLANG_WARN_INFINITE_RECURSION = YES;
				CLANG_WARN_INT_CONVERSION = YES;
				CLANG_WARN_OBJC_ROOT_CLASS = YES_ERROR;
				CLANG_WARN_SUSPICIOUS_MOVE = YES;
				CLANG_WARN_UNREACHABLE_CODE = YES;
				CLANG_WARN__DUPLICATE_METHOD_MATCH = YES;
				"CODE_SIGN_IDENTITY[sdk=iphoneos*]" = "iPhone Developer";
				COPY_PHASE_STRIP = NO;
				DEBUG_INFORMATION_FORMAT = dwarf;
				ENABLE_STRICT_OBJC_MSGSEND = YES;
				ENABLE_TESTABILITY = YES;
				GCC_C_LANGUAGE_STANDARD = gnu99;
				GCC_DYNAMIC_NO_PIC = NO;
				GCC_NO_COMMON_BLOCKS = YES;
				GCC_OPTIMIZATION_LEVEL = 0;
				GCC_PREPROCESSOR_DEFINITIONS = (
					"DEBUG=1",
					"$(inherited)",
				);
				GCC_WARN_64_TO_32_BIT_CONVERSION = YES;
				GCC_WARN_ABOUT_RETURN_TYPE = YES_ERROR;
				GCC_WARN_UNDECLARED_SELECTOR = YES;
				GCC_WARN_UNINITIALIZED_AUTOS = YES_AGGRESSIVE;
				GCC_WARN_UNUSED_FUNCTION = YES;
				GCC_WARN_UNUSED_VARIABLE = YES;
				IPHONEOS_DEPLOYMENT_TARGET = 10.3;
				MTL_ENABLE_DEBUG_INFO = YES;
				ONLY_ACTIVE_ARCH = YES;
				SDKROOT = iphoneos;
				SWIFT_ACTIVE_COMPILATION_CONDITIONS = DEBUG;
				SWIFT_OPTIMIZATION_LEVEL = "-Onone";
			};
			name = Debug;
		};
		F3C715331ED6B5C300337C5B /* Release */ = {
			isa = XCBuildConfiguration;
			buildSettings = {
				ALWAYS_SEARCH_USER_PATHS = NO;
				CLANG_ANALYZER_NONNULL = YES;
				CLANG_ANALYZER_NUMBER_OBJECT_CONVERSION = YES_AGGRESSIVE;
				CLANG_CXX_LANGUAGE_STANDARD = "gnu++0x";
				CLANG_CXX_LIBRARY = "libc++";
				CLANG_ENABLE_MODULES = YES;
				CLANG_ENABLE_OBJC_ARC = YES;
				CLANG_WARN_BOOL_CONVERSION = YES;
				CLANG_WARN_CONSTANT_CONVERSION = YES;
				CLANG_WARN_DIRECT_OBJC_ISA_USAGE = YES_ERROR;
				CLANG_WARN_DOCUMENTATION_COMMENTS = YES;
				CLANG_WARN_EMPTY_BODY = YES;
				CLANG_WARN_ENUM_CONVERSION = YES;
				CLANG_WARN_INFINITE_RECURSION = YES;
				CLANG_WARN_INT_CONVERSION = YES;
				CLANG_WARN_OBJC_ROOT_CLASS = YES_ERROR;
				CLANG_WARN_SUSPICIOUS_MOVE = YES;
				CLANG_WARN_UNREACHABLE_CODE = YES;
				CLANG_WARN__DUPLICATE_METHOD_MATCH = YES;
				"CODE_SIGN_IDENTITY[sdk=iphoneos*]" = "iPhone Developer";
				COPY_PHASE_STRIP = NO;
				DEBUG_INFORMATION_FORMAT = "dwarf-with-dsym";
				ENABLE_NS_ASSERTIONS = NO;
				ENABLE_STRICT_OBJC_MSGSEND = YES;
				GCC_C_LANGUAGE_STANDARD = gnu99;
				GCC_NO_COMMON_BLOCKS = YES;
				GCC_WARN_64_TO_32_BIT_CONVERSION = YES;
				GCC_WARN_ABOUT_RETURN_TYPE = YES_ERROR;
				GCC_WARN_UNDECLARED_SELECTOR = YES;
				GCC_WARN_UNINITIALIZED_AUTOS = YES_AGGRESSIVE;
				GCC_WARN_UNUSED_FUNCTION = YES;
				GCC_WARN_UNUSED_VARIABLE = YES;
				IPHONEOS_DEPLOYMENT_TARGET = 10.3;
				MTL_ENABLE_DEBUG_INFO = NO;
				SDKROOT = iphoneos;
				SWIFT_OPTIMIZATION_LEVEL = "-Owholemodule";
				VALIDATE_PRODUCT = YES;
			};
			name = Release;
		};
		F3C715351ED6B5C300337C5B /* Debug */ = {
			isa = XCBuildConfiguration;
			buildSettings = {
				ASSETCATALOG_COMPILER_APPICON_NAME = AppIcon;
				DEVELOPMENT_TEAM = BN463B3322;
				INFOPLIST_FILE = LongTapPressMotion/Info.plist;
				LD_RUNPATH_SEARCH_PATHS = "$(inherited) @executable_path/Frameworks";
				PRODUCT_BUNDLE_IDENTIFIER = com.example.hasebe.LongTapPressMotion;
				PRODUCT_NAME = "$(TARGET_NAME)";
				SWIFT_VERSION = 3.0;
			};
			name = Debug;
		};
		F3C715361ED6B5C300337C5B /* Release */ = {
			isa = XCBuildConfiguration;
			buildSettings = {
				ASSETCATALOG_COMPILER_APPICON_NAME = AppIcon;
				DEVELOPMENT_TEAM = BN463B3322;
				INFOPLIST_FILE = LongTapPressMotion/Info.plist;
				LD_RUNPATH_SEARCH_PATHS = "$(inherited) @executable_path/Frameworks";
				PRODUCT_BUNDLE_IDENTIFIER = com.example.hasebe.LongTapPressMotion;
				PRODUCT_NAME = "$(TARGET_NAME)";
				SWIFT_VERSION = 3.0;
			};
			name = Release;
		};
/* End XCBuildConfiguration section */

/* Begin XCConfigurationList section */
		F3C7151D1ED6B5C300337C5B /* Build configuration list for PBXProject "LongTapPressMotion" */ = {
			isa = XCConfigurationList;
			buildConfigurations = (
				F3C715321ED6B5C300337C5B /* Debug */,
				F3C715331ED6B5C300337C5B /* Release */,
			);
			defaultConfigurationIsVisible = 0;
			defaultConfigurationName = Release;
		};
		F3C715341ED6B5C300337C5B /* Build configuration list for PBXNativeTarget "LongTapPressMotion" */ = {
			isa = XCConfigurationList;
			buildConfigurations = (
				F3C715351ED6B5C300337C5B /* Debug */,
				F3C715361ED6B5C300337C5B /* Release */,
			);
			defaultConfigurationIsVisible = 0;
		};
/* End XCConfigurationList section */
	};
	rootObject = F3C7151A1ED6B5C300337C5B /* Project object */;
}
